
Microsoft Visual Studio Solution File, Format Version 12.00
# Visual Studio 15
VisualStudioVersion = 15.0.26124.0
MinimumVisualStudioVersion = 15.0.26124.0
Project("{FAE04EC0-301F-11D3-BF4B-00C04F79EFBC}") = "Aws.Cdk", "Aws.Cdk\Aws.Cdk.csproj", "{3A14E6EA-8E04-433C-A475-F51C4E368B10}"
EndProject
Project("{FAE04EC0-301F-11D3-BF4B-00C04F79EFBC}") = "Aws.Cdk.Acm", "Aws.Cdk.Acm\Aws.Cdk.Acm.csproj", "{12187002-5899-49CB-B5D2-FA45BEF86276}"
EndProject
Project("{FAE04EC0-301F-11D3-BF4B-00C04F79EFBC}") = "Aws.Cdk.CloudFront", "Aws.Cdk.CloudFront\Aws.Cdk.CloudFront.csproj", "{5F2D11E0-92EF-425C-BB8B-82B54E488C84}"
EndProject
Project("{FAE04EC0-301F-11D3-BF4B-00C04F79EFBC}") = "Aws.Cdk.CloudTrail", "Aws.Cdk.CloudTrail\Aws.Cdk.CloudTrail.csproj", "{948CD295-1A08-45A1-880C-BCE3A171ACB6}"
EndProject
Project("{FAE04EC0-301F-11D3-BF4B-00C04F79EFBC}") = "Aws.Cdk.CodeBuild", "Aws.Cdk.CodeBuild\Aws.Cdk.CodeBuild.csproj", "{8004CEDA-90AF-4506-9296-9C7390FA0960}"
EndProject
Project("{FAE04EC0-301F-11D3-BF4B-00C04F79EFBC}") = "Aws.Cdk.CodeCommit", "Aws.Cdk.CodeCommit\Aws.Cdk.CodeCommit.csproj", "{AEAC4CA5-1906-4F6C-BE7D-5D3EC6E8AAD6}"
EndProject
Project("{FAE04EC0-301F-11D3-BF4B-00C04F79EFBC}") = "Aws.Cdk.CodePipeline", "Aws.Cdk.CodePipeline\Aws.Cdk.CodePipeline.csproj", "{91DC2605-97C0-4AB8-ACA9-BE7C53A0CA0B}"
EndProject
Project("{FAE04EC0-301F-11D3-BF4B-00C04F79EFBC}") = "Aws.Cdk.CustomResources", "Aws.Cdk.CustomResources\Aws.Cdk.CustomResources.csproj", "{5226C2EF-8B3F-4C2D-BE63-9ECDF7BD6645}"
EndProject
Project("{FAE04EC0-301F-11D3-BF4B-00C04F79EFBC}") = "Aws.Cdk.CxApi", "Aws.Cdk.CxApi\Aws.Cdk.CxApi.csproj", "{5CAEDEA5-B585-4DEC-8404-4A39E500B5D7}"
EndProject
Project("{FAE04EC0-301F-11D3-BF4B-00C04F79EFBC}") = "Aws.Cdk.DynamoDb", "Aws.Cdk.DynamoDb\Aws.Cdk.DynamoDb.csproj", "{266578F4-D67B-42D8-A6A3-218E1E0B0BFB}"
EndProject
Project("{FAE04EC0-301F-11D3-BF4B-00C04F79EFBC}") = "Aws.Cdk.Ec2", "Aws.Cdk.Ec2\Aws.Cdk.Ec2.csproj", "{BDD304B0-8623-416A-9E0B-A6894FDA3AAC}"
EndProject
Project("{FAE04EC0-301F-11D3-BF4B-00C04F79EFBC}") = "Aws.Cdk.Events", "Aws.Cdk.Events\Aws.Cdk.Events.csproj", "{2A6D32DF-07A1-4B93-B868-EB08A86D617A}"
EndProject
Project("{FAE04EC0-301F-11D3-BF4B-00C04F79EFBC}") = "Aws.Cdk.Iam", "Aws.Cdk.Iam\Aws.Cdk.Iam.csproj", "{315DC093-2727-4E19-9FC7-C74A2DDC998C}"
EndProject
Project("{FAE04EC0-301F-11D3-BF4B-00C04F79EFBC}") = "Aws.Cdk.Kinesis", "Aws.Cdk.Kinesis\Aws.Cdk.Kinesis.csproj", "{55EDA481-912D-49F2-99BB-B24A88B8D007}"
EndProject
Project("{FAE04EC0-301F-11D3-BF4B-00C04F79EFBC}") = "Aws.Cdk.Kms", "Aws.Cdk.Kms\Aws.Cdk.Kms.csproj", "{2AA75842-A8C3-42DF-85DF-9C5FB89AA762}"
EndProject
Project("{FAE04EC0-301F-11D3-BF4B-00C04F79EFBC}") = "Aws.Cdk.Lambda", "Aws.Cdk.Lambda\Aws.Cdk.Lambda.csproj", "{E728706A-43DB-4F78-A21D-A8F55D2968C4}"
EndProject
Project("{FAE04EC0-301F-11D3-BF4B-00C04F79EFBC}") = "Aws.Cdk.Neptune", "Aws.Cdk.Neptune\Aws.Cdk.Neptune.csproj", "{8B6F8FD1-B8F0-4993-80E4-04239445EC67}"
EndProject
Project("{FAE04EC0-301F-11D3-BF4B-00C04F79EFBC}") = "Aws.Cdk.QuickStarts", "Aws.Cdk.QuickStarts\Aws.Cdk.QuickStarts.csproj", "{C87AA19E-BAAF-4B93-A397-6FD6050079C0}"
EndProject
Project("{FAE04EC0-301F-11D3-BF4B-00C04F79EFBC}") = "Aws.Cdk.Rds", "Aws.Cdk.Rds\Aws.Cdk.Rds.csproj", "{EB581941-89D1-4A98-BDC0-F2E0ECBE4219}"
EndProject
Project("{FAE04EC0-301F-11D3-BF4B-00C04F79EFBC}") = "Aws.Cdk.Resources", "Aws.Cdk.Resources\Aws.Cdk.Resources.csproj", "{8037A414-B619-4C90-AE2E-3D70063FAF79}"
EndProject
Project("{FAE04EC0-301F-11D3-BF4B-00C04F79EFBC}") = "Aws.Cdk.Route53", "Aws.Cdk.Route53\Aws.Cdk.Route53.csproj", "{CB156F58-3F1C-4C8F-BE89-33860E8AF1BB}"
EndProject
Project("{FAE04EC0-301F-11D3-BF4B-00C04F79EFBC}") = "Aws.Cdk.Rtv", "Aws.Cdk.Rtv\Aws.Cdk.Rtv.csproj", "{B919F5F5-E6BE-465A-B106-810E0A8870C3}"
EndProject
Project("{FAE04EC0-301F-11D3-BF4B-00C04F79EFBC}") = "Aws.Cdk.S3", "Aws.Cdk.S3\Aws.Cdk.S3.csproj", "{B4EFAC21-9468-4F28-85F0-7E7BB9ECBF0B}"
EndProject
Project("{FAE04EC0-301F-11D3-BF4B-00C04F79EFBC}") = "Aws.Cdk.Sns", "Aws.Cdk.Sns\Aws.Cdk.Sns.csproj", "{E27D20F7-4B78-4813-8A32-6809E1FD3A80}"
EndProject
Project("{FAE04EC0-301F-11D3-BF4B-00C04F79EFBC}") = "Aws.Cdk.Sqs", "Aws.Cdk.Sqs\Aws.Cdk.Sqs.csproj", "{315B1083-E564-4E9C-B05C-3D6F9BCD6BC9}"
EndProject
Global
	GlobalSection(SolutionConfigurationPlatforms) = preSolution
		Debug|Any CPU = Debug|Any CPU
		Debug|x64 = Debug|x64
		Debug|x86 = Debug|x86
		Release|Any CPU = Release|Any CPU
		Release|x64 = Release|x64
		Release|x86 = Release|x86
	EndGlobalSection
	GlobalSection(SolutionProperties) = preSolution
		HideSolutionNode = FALSE
	EndGlobalSection
	GlobalSection(ProjectConfigurationPlatforms) = postSolution
		{3A14E6EA-8E04-433C-A475-F51C4E368B10}.Debug|Any CPU.ActiveCfg = Debug|Any CPU
		{3A14E6EA-8E04-433C-A475-F51C4E368B10}.Debug|Any CPU.Build.0 = Debug|Any CPU
		{3A14E6EA-8E04-433C-A475-F51C4E368B10}.Debug|x64.ActiveCfg = Debug|x64
		{3A14E6EA-8E04-433C-A475-F51C4E368B10}.Debug|x64.Build.0 = Debug|x64
		{3A14E6EA-8E04-433C-A475-F51C4E368B10}.Debug|x86.ActiveCfg = Debug|x86
		{3A14E6EA-8E04-433C-A475-F51C4E368B10}.Debug|x86.Build.0 = Debug|x86
		{3A14E6EA-8E04-433C-A475-F51C4E368B10}.Release|Any CPU.ActiveCfg = Release|Any CPU
		{3A14E6EA-8E04-433C-A475-F51C4E368B10}.Release|Any CPU.Build.0 = Release|Any CPU
		{3A14E6EA-8E04-433C-A475-F51C4E368B10}.Release|x64.ActiveCfg = Release|x64
		{3A14E6EA-8E04-433C-A475-F51C4E368B10}.Release|x64.Build.0 = Release|x64
		{3A14E6EA-8E04-433C-A475-F51C4E368B10}.Release|x86.ActiveCfg = Release|x86
		{3A14E6EA-8E04-433C-A475-F51C4E368B10}.Release|x86.Build.0 = Release|x86
		{12187002-5899-49CB-B5D2-FA45BEF86276}.Debug|Any CPU.ActiveCfg = Debug|Any CPU
		{12187002-5899-49CB-B5D2-FA45BEF86276}.Debug|Any CPU.Build.0 = Debug|Any CPU
		{12187002-5899-49CB-B5D2-FA45BEF86276}.Debug|x64.ActiveCfg = Debug|x64
		{12187002-5899-49CB-B5D2-FA45BEF86276}.Debug|x64.Build.0 = Debug|x64
		{12187002-5899-49CB-B5D2-FA45BEF86276}.Debug|x86.ActiveCfg = Debug|x86
		{12187002-5899-49CB-B5D2-FA45BEF86276}.Debug|x86.Build.0 = Debug|x86
		{12187002-5899-49CB-B5D2-FA45BEF86276}.Release|Any CPU.ActiveCfg = Release|Any CPU
		{12187002-5899-49CB-B5D2-FA45BEF86276}.Release|Any CPU.Build.0 = Release|Any CPU
		{12187002-5899-49CB-B5D2-FA45BEF86276}.Release|x64.ActiveCfg = Release|x64
		{12187002-5899-49CB-B5D2-FA45BEF86276}.Release|x64.Build.0 = Release|x64
		{12187002-5899-49CB-B5D2-FA45BEF86276}.Release|x86.ActiveCfg = Release|x86
		{12187002-5899-49CB-B5D2-FA45BEF86276}.Release|x86.Build.0 = Release|x86
		{5F2D11E0-92EF-425C-BB8B-82B54E488C84}.Debug|Any CPU.ActiveCfg = Debug|Any CPU
		{5F2D11E0-92EF-425C-BB8B-82B54E488C84}.Debug|Any CPU.Build.0 = Debug|Any CPU
		{5F2D11E0-92EF-425C-BB8B-82B54E488C84}.Debug|x64.ActiveCfg = Debug|x64
		{5F2D11E0-92EF-425C-BB8B-82B54E488C84}.Debug|x64.Build.0 = Debug|x64
		{5F2D11E0-92EF-425C-BB8B-82B54E488C84}.Debug|x86.ActiveCfg = Debug|x86
		{5F2D11E0-92EF-425C-BB8B-82B54E488C84}.Debug|x86.Build.0 = Debug|x86
		{5F2D11E0-92EF-425C-BB8B-82B54E488C84}.Release|Any CPU.ActiveCfg = Release|Any CPU
		{5F2D11E0-92EF-425C-BB8B-82B54E488C84}.Release|Any CPU.Build.0 = Release|Any CPU
		{5F2D11E0-92EF-425C-BB8B-82B54E488C84}.Release|x64.ActiveCfg = Release|x64
		{5F2D11E0-92EF-425C-BB8B-82B54E488C84}.Release|x64.Build.0 = Release|x64
		{5F2D11E0-92EF-425C-BB8B-82B54E488C84}.Release|x86.ActiveCfg = Release|x86
		{5F2D11E0-92EF-425C-BB8B-82B54E488C84}.Release|x86.Build.0 = Release|x86
		{948CD295-1A08-45A1-880C-BCE3A171ACB6}.Debug|Any CPU.ActiveCfg = Debug|Any CPU
		{948CD295-1A08-45A1-880C-BCE3A171ACB6}.Debug|Any CPU.Build.0 = Debug|Any CPU
		{948CD295-1A08-45A1-880C-BCE3A171ACB6}.Debug|x64.ActiveCfg = Debug|x64
		{948CD295-1A08-45A1-880C-BCE3A171ACB6}.Debug|x64.Build.0 = Debug|x64
		{948CD295-1A08-45A1-880C-BCE3A171ACB6}.Debug|x86.ActiveCfg = Debug|x86
		{948CD295-1A08-45A1-880C-BCE3A171ACB6}.Debug|x86.Build.0 = Debug|x86
		{948CD295-1A08-45A1-880C-BCE3A171ACB6}.Release|Any CPU.ActiveCfg = Release|Any CPU
		{948CD295-1A08-45A1-880C-BCE3A171ACB6}.Release|Any CPU.Build.0 = Release|Any CPU
		{948CD295-1A08-45A1-880C-BCE3A171ACB6}.Release|x64.ActiveCfg = Release|x64
		{948CD295-1A08-45A1-880C-BCE3A171ACB6}.Release|x64.Build.0 = Release|x64
		{948CD295-1A08-45A1-880C-BCE3A171ACB6}.Release|x86.ActiveCfg = Release|x86
		{948CD295-1A08-45A1-880C-BCE3A171ACB6}.Release|x86.Build.0 = Release|x86
		{8004CEDA-90AF-4506-9296-9C7390FA0960}.Debug|Any CPU.ActiveCfg = Debug|Any CPU
		{8004CEDA-90AF-4506-9296-9C7390FA0960}.Debug|Any CPU.Build.0 = Debug|Any CPU
		{8004CEDA-90AF-4506-9296-9C7390FA0960}.Debug|x64.ActiveCfg = Debug|x64
		{8004CEDA-90AF-4506-9296-9C7390FA0960}.Debug|x64.Build.0 = Debug|x64
		{8004CEDA-90AF-4506-9296-9C7390FA0960}.Debug|x86.ActiveCfg = Debug|x86
		{8004CEDA-90AF-4506-9296-9C7390FA0960}.Debug|x86.Build.0 = Debug|x86
		{8004CEDA-90AF-4506-9296-9C7390FA0960}.Release|Any CPU.ActiveCfg = Release|Any CPU
		{8004CEDA-90AF-4506-9296-9C7390FA0960}.Release|Any CPU.Build.0 = Release|Any CPU
		{8004CEDA-90AF-4506-9296-9C7390FA0960}.Release|x64.ActiveCfg = Release|x64
		{8004CEDA-90AF-4506-9296-9C7390FA0960}.Release|x64.Build.0 = Release|x64
		{8004CEDA-90AF-4506-9296-9C7390FA0960}.Release|x86.ActiveCfg = Release|x86
		{8004CEDA-90AF-4506-9296-9C7390FA0960}.Release|x86.Build.0 = Release|x86
		{AEAC4CA5-1906-4F6C-BE7D-5D3EC6E8AAD6}.Debug|Any CPU.ActiveCfg = Debug|Any CPU
		{AEAC4CA5-1906-4F6C-BE7D-5D3EC6E8AAD6}.Debug|Any CPU.Build.0 = Debug|Any CPU
		{AEAC4CA5-1906-4F6C-BE7D-5D3EC6E8AAD6}.Debug|x64.ActiveCfg = Debug|x64
		{AEAC4CA5-1906-4F6C-BE7D-5D3EC6E8AAD6}.Debug|x64.Build.0 = Debug|x64
		{AEAC4CA5-1906-4F6C-BE7D-5D3EC6E8AAD6}.Debug|x86.ActiveCfg = Debug|x86
		{AEAC4CA5-1906-4F6C-BE7D-5D3EC6E8AAD6}.Debug|x86.Build.0 = Debug|x86
		{AEAC4CA5-1906-4F6C-BE7D-5D3EC6E8AAD6}.Release|Any CPU.ActiveCfg = Release|Any CPU
		{AEAC4CA5-1906-4F6C-BE7D-5D3EC6E8AAD6}.Release|Any CPU.Build.0 = Release|Any CPU
		{AEAC4CA5-1906-4F6C-BE7D-5D3EC6E8AAD6}.Release|x64.ActiveCfg = Release|x64
		{AEAC4CA5-1906-4F6C-BE7D-5D3EC6E8AAD6}.Release|x64.Build.0 = Release|x64
		{AEAC4CA5-1906-4F6C-BE7D-5D3EC6E8AAD6}.Release|x86.ActiveCfg = Release|x86
		{AEAC4CA5-1906-4F6C-BE7D-5D3EC6E8AAD6}.Release|x86.Build.0 = Release|x86
		{91DC2605-97C0-4AB8-ACA9-BE7C53A0CA0B}.Debug|Any CPU.ActiveCfg = Debug|Any CPU
		{91DC2605-97C0-4AB8-ACA9-BE7C53A0CA0B}.Debug|Any CPU.Build.0 = Debug|Any CPU
		{91DC2605-97C0-4AB8-ACA9-BE7C53A0CA0B}.Debug|x64.ActiveCfg = Debug|x64
		{91DC2605-97C0-4AB8-ACA9-BE7C53A0CA0B}.Debug|x64.Build.0 = Debug|x64
		{91DC2605-97C0-4AB8-ACA9-BE7C53A0CA0B}.Debug|x86.ActiveCfg = Debug|x86
		{91DC2605-97C0-4AB8-ACA9-BE7C53A0CA0B}.Debug|x86.Build.0 = Debug|x86
		{91DC2605-97C0-4AB8-ACA9-BE7C53A0CA0B}.Release|Any CPU.ActiveCfg = Release|Any CPU
		{91DC2605-97C0-4AB8-ACA9-BE7C53A0CA0B}.Release|Any CPU.Build.0 = Release|Any CPU
		{91DC2605-97C0-4AB8-ACA9-BE7C53A0CA0B}.Release|x64.ActiveCfg = Release|x64
		{91DC2605-97C0-4AB8-ACA9-BE7C53A0CA0B}.Release|x64.Build.0 = Release|x64
		{91DC2605-97C0-4AB8-ACA9-BE7C53A0CA0B}.Release|x86.ActiveCfg = Release|x86
		{91DC2605-97C0-4AB8-ACA9-BE7C53A0CA0B}.Release|x86.Build.0 = Release|x86
		{5226C2EF-8B3F-4C2D-BE63-9ECDF7BD6645}.Debug|Any CPU.ActiveCfg = Debug|Any CPU
		{5226C2EF-8B3F-4C2D-BE63-9ECDF7BD6645}.Debug|Any CPU.Build.0 = Debug|Any CPU
		{5226C2EF-8B3F-4C2D-BE63-9ECDF7BD6645}.Debug|x64.ActiveCfg = Debug|x64
		{5226C2EF-8B3F-4C2D-BE63-9ECDF7BD6645}.Debug|x64.Build.0 = Debug|x64
		{5226C2EF-8B3F-4C2D-BE63-9ECDF7BD6645}.Debug|x86.ActiveCfg = Debug|x86
		{5226C2EF-8B3F-4C2D-BE63-9ECDF7BD6645}.Debug|x86.Build.0 = Debug|x86
		{5226C2EF-8B3F-4C2D-BE63-9ECDF7BD6645}.Release|Any CPU.ActiveCfg = Release|Any CPU
		{5226C2EF-8B3F-4C2D-BE63-9ECDF7BD6645}.Release|Any CPU.Build.0 = Release|Any CPU
		{5226C2EF-8B3F-4C2D-BE63-9ECDF7BD6645}.Release|x64.ActiveCfg = Release|x64
		{5226C2EF-8B3F-4C2D-BE63-9ECDF7BD6645}.Release|x64.Build.0 = Release|x64
		{5226C2EF-8B3F-4C2D-BE63-9ECDF7BD6645}.Release|x86.ActiveCfg = Release|x86
		{5226C2EF-8B3F-4C2D-BE63-9ECDF7BD6645}.Release|x86.Build.0 = Release|x86
		{5CAEDEA5-B585-4DEC-8404-4A39E500B5D7}.Debug|Any CPU.ActiveCfg = Debug|Any CPU
		{5CAEDEA5-B585-4DEC-8404-4A39E500B5D7}.Debug|Any CPU.Build.0 = Debug|Any CPU
		{5CAEDEA5-B585-4DEC-8404-4A39E500B5D7}.Debug|x64.ActiveCfg = Debug|x64
		{5CAEDEA5-B585-4DEC-8404-4A39E500B5D7}.Debug|x64.Build.0 = Debug|x64
		{5CAEDEA5-B585-4DEC-8404-4A39E500B5D7}.Debug|x86.ActiveCfg = Debug|x86
		{5CAEDEA5-B585-4DEC-8404-4A39E500B5D7}.Debug|x86.Build.0 = Debug|x86
		{5CAEDEA5-B585-4DEC-8404-4A39E500B5D7}.Release|Any CPU.ActiveCfg = Release|Any CPU
		{5CAEDEA5-B585-4DEC-8404-4A39E500B5D7}.Release|Any CPU.Build.0 = Release|Any CPU
		{5CAEDEA5-B585-4DEC-8404-4A39E500B5D7}.Release|x64.ActiveCfg = Release|x64
		{5CAEDEA5-B585-4DEC-8404-4A39E500B5D7}.Release|x64.Build.0 = Release|x64
		{5CAEDEA5-B585-4DEC-8404-4A39E500B5D7}.Release|x86.ActiveCfg = Release|x86
		{5CAEDEA5-B585-4DEC-8404-4A39E500B5D7}.Release|x86.Build.0 = Release|x86
		{266578F4-D67B-42D8-A6A3-218E1E0B0BFB}.Debug|Any CPU.ActiveCfg = Debug|Any CPU
		{266578F4-D67B-42D8-A6A3-218E1E0B0BFB}.Debug|Any CPU.Build.0 = Debug|Any CPU
		{266578F4-D67B-42D8-A6A3-218E1E0B0BFB}.Debug|x64.ActiveCfg = Debug|x64
		{266578F4-D67B-42D8-A6A3-218E1E0B0BFB}.Debug|x64.Build.0 = Debug|x64
		{266578F4-D67B-42D8-A6A3-218E1E0B0BFB}.Debug|x86.ActiveCfg = Debug|x86
		{266578F4-D67B-42D8-A6A3-218E1E0B0BFB}.Debug|x86.Build.0 = Debug|x86
		{266578F4-D67B-42D8-A6A3-218E1E0B0BFB}.Release|Any CPU.ActiveCfg = Release|Any CPU
		{266578F4-D67B-42D8-A6A3-218E1E0B0BFB}.Release|Any CPU.Build.0 = Release|Any CPU
		{266578F4-D67B-42D8-A6A3-218E1E0B0BFB}.Release|x64.ActiveCfg = Release|x64
		{266578F4-D67B-42D8-A6A3-218E1E0B0BFB}.Release|x64.Build.0 = Release|x64
		{266578F4-D67B-42D8-A6A3-218E1E0B0BFB}.Release|x86.ActiveCfg = Release|x86
		{266578F4-D67B-42D8-A6A3-218E1E0B0BFB}.Release|x86.Build.0 = Release|x86
		{BDD304B0-8623-416A-9E0B-A6894FDA3AAC}.Debug|Any CPU.ActiveCfg = Debug|Any CPU
		{BDD304B0-8623-416A-9E0B-A6894FDA3AAC}.Debug|Any CPU.Build.0 = Debug|Any CPU
		{BDD304B0-8623-416A-9E0B-A6894FDA3AAC}.Debug|x64.ActiveCfg = Debug|x64
		{BDD304B0-8623-416A-9E0B-A6894FDA3AAC}.Debug|x64.Build.0 = Debug|x64
		{BDD304B0-8623-416A-9E0B-A6894FDA3AAC}.Debug|x86.ActiveCfg = Debug|x86
		{BDD304B0-8623-416A-9E0B-A6894FDA3AAC}.Debug|x86.Build.0 = Debug|x86
		{BDD304B0-8623-416A-9E0B-A6894FDA3AAC}.Release|Any CPU.ActiveCfg = Release|Any CPU
		{BDD304B0-8623-416A-9E0B-A6894FDA3AAC}.Release|Any CPU.Build.0 = Release|Any CPU
		{BDD304B0-8623-416A-9E0B-A6894FDA3AAC}.Release|x64.ActiveCfg = Release|x64
		{BDD304B0-8623-416A-9E0B-A6894FDA3AAC}.Release|x64.Build.0 = Release|x64
		{BDD304B0-8623-416A-9E0B-A6894FDA3AAC}.Release|x86.ActiveCfg = Release|x86
		{BDD304B0-8623-416A-9E0B-A6894FDA3AAC}.Release|x86.Build.0 = Release|x86
		{2A6D32DF-07A1-4B93-B868-EB08A86D617A}.Debug|Any CPU.ActiveCfg = Debug|Any CPU
		{2A6D32DF-07A1-4B93-B868-EB08A86D617A}.Debug|Any CPU.Build.0 = Debug|Any CPU
		{2A6D32DF-07A1-4B93-B868-EB08A86D617A}.Debug|x64.ActiveCfg = Debug|x64
		{2A6D32DF-07A1-4B93-B868-EB08A86D617A}.Debug|x64.Build.0 = Debug|x64
		{2A6D32DF-07A1-4B93-B868-EB08A86D617A}.Debug|x86.ActiveCfg = Debug|x86
		{2A6D32DF-07A1-4B93-B868-EB08A86D617A}.Debug|x86.Build.0 = Debug|x86
		{2A6D32DF-07A1-4B93-B868-EB08A86D617A}.Release|Any CPU.ActiveCfg = Release|Any CPU
		{2A6D32DF-07A1-4B93-B868-EB08A86D617A}.Release|Any CPU.Build.0 = Release|Any CPU
		{2A6D32DF-07A1-4B93-B868-EB08A86D617A}.Release|x64.ActiveCfg = Release|x64
		{2A6D32DF-07A1-4B93-B868-EB08A86D617A}.Release|x64.Build.0 = Release|x64
		{2A6D32DF-07A1-4B93-B868-EB08A86D617A}.Release|x86.ActiveCfg = Release|x86
		{2A6D32DF-07A1-4B93-B868-EB08A86D617A}.Release|x86.Build.0 = Release|x86
		{315DC093-2727-4E19-9FC7-C74A2DDC998C}.Debug|Any CPU.ActiveCfg = Debug|Any CPU
		{315DC093-2727-4E19-9FC7-C74A2DDC998C}.Debug|Any CPU.Build.0 = Debug|Any CPU
		{315DC093-2727-4E19-9FC7-C74A2DDC998C}.Debug|x64.ActiveCfg = Debug|x64
		{315DC093-2727-4E19-9FC7-C74A2DDC998C}.Debug|x64.Build.0 = Debug|x64
		{315DC093-2727-4E19-9FC7-C74A2DDC998C}.Debug|x86.ActiveCfg = Debug|x86
		{315DC093-2727-4E19-9FC7-C74A2DDC998C}.Debug|x86.Build.0 = Debug|x86
		{315DC093-2727-4E19-9FC7-C74A2DDC998C}.Release|Any CPU.ActiveCfg = Release|Any CPU
		{315DC093-2727-4E19-9FC7-C74A2DDC998C}.Release|Any CPU.Build.0 = Release|Any CPU
		{315DC093-2727-4E19-9FC7-C74A2DDC998C}.Release|x64.ActiveCfg = Release|x64
		{315DC093-2727-4E19-9FC7-C74A2DDC998C}.Release|x64.Build.0 = Release|x64
		{315DC093-2727-4E19-9FC7-C74A2DDC998C}.Release|x86.ActiveCfg = Release|x86
		{315DC093-2727-4E19-9FC7-C74A2DDC998C}.Release|x86.Build.0 = Release|x86
		{55EDA481-912D-49F2-99BB-B24A88B8D007}.Debug|Any CPU.ActiveCfg = Debug|Any CPU
		{55EDA481-912D-49F2-99BB-B24A88B8D007}.Debug|Any CPU.Build.0 = Debug|Any CPU
		{55EDA481-912D-49F2-99BB-B24A88B8D007}.Debug|x64.ActiveCfg = Debug|x64
		{55EDA481-912D-49F2-99BB-B24A88B8D007}.Debug|x64.Build.0 = Debug|x64
		{55EDA481-912D-49F2-99BB-B24A88B8D007}.Debug|x86.ActiveCfg = Debug|x86
		{55EDA481-912D-49F2-99BB-B24A88B8D007}.Debug|x86.Build.0 = Debug|x86
		{55EDA481-912D-49F2-99BB-B24A88B8D007}.Release|Any CPU.ActiveCfg = Release|Any CPU
		{55EDA481-912D-49F2-99BB-B24A88B8D007}.Release|Any CPU.Build.0 = Release|Any CPU
		{55EDA481-912D-49F2-99BB-B24A88B8D007}.Release|x64.ActiveCfg = Release|x64
		{55EDA481-912D-49F2-99BB-B24A88B8D007}.Release|x64.Build.0 = Release|x64
		{55EDA481-912D-49F2-99BB-B24A88B8D007}.Release|x86.ActiveCfg = Release|x86
		{55EDA481-912D-49F2-99BB-B24A88B8D007}.Release|x86.Build.0 = Release|x86
		{2AA75842-A8C3-42DF-85DF-9C5FB89AA762}.Debug|Any CPU.ActiveCfg = Debug|Any CPU
		{2AA75842-A8C3-42DF-85DF-9C5FB89AA762}.Debug|Any CPU.Build.0 = Debug|Any CPU
		{2AA75842-A8C3-42DF-85DF-9C5FB89AA762}.Debug|x64.ActiveCfg = Debug|x64
		{2AA75842-A8C3-42DF-85DF-9C5FB89AA762}.Debug|x64.Build.0 = Debug|x64
		{2AA75842-A8C3-42DF-85DF-9C5FB89AA762}.Debug|x86.ActiveCfg = Debug|x86
		{2AA75842-A8C3-42DF-85DF-9C5FB89AA762}.Debug|x86.Build.0 = Debug|x86
		{2AA75842-A8C3-42DF-85DF-9C5FB89AA762}.Release|Any CPU.ActiveCfg = Release|Any CPU
		{2AA75842-A8C3-42DF-85DF-9C5FB89AA762}.Release|Any CPU.Build.0 = Release|Any CPU
		{2AA75842-A8C3-42DF-85DF-9C5FB89AA762}.Release|x64.ActiveCfg = Release|x64
		{2AA75842-A8C3-42DF-85DF-9C5FB89AA762}.Release|x64.Build.0 = Release|x64
		{2AA75842-A8C3-42DF-85DF-9C5FB89AA762}.Release|x86.ActiveCfg = Release|x86
		{2AA75842-A8C3-42DF-85DF-9C5FB89AA762}.Release|x86.Build.0 = Release|x86
		{E728706A-43DB-4F78-A21D-A8F55D2968C4}.Debug|Any CPU.ActiveCfg = Debug|Any CPU
		{E728706A-43DB-4F78-A21D-A8F55D2968C4}.Debug|Any CPU.Build.0 = Debug|Any CPU
		{E728706A-43DB-4F78-A21D-A8F55D2968C4}.Debug|x64.ActiveCfg = Debug|x64
		{E728706A-43DB-4F78-A21D-A8F55D2968C4}.Debug|x64.Build.0 = Debug|x64
		{E728706A-43DB-4F78-A21D-A8F55D2968C4}.Debug|x86.ActiveCfg = Debug|x86
		{E728706A-43DB-4F78-A21D-A8F55D2968C4}.Debug|x86.Build.0 = Debug|x86
		{E728706A-43DB-4F78-A21D-A8F55D2968C4}.Release|Any CPU.ActiveCfg = Release|Any CPU
		{E728706A-43DB-4F78-A21D-A8F55D2968C4}.Release|Any CPU.Build.0 = Release|Any CPU
		{E728706A-43DB-4F78-A21D-A8F55D2968C4}.Release|x64.ActiveCfg = Release|x64
		{E728706A-43DB-4F78-A21D-A8F55D2968C4}.Release|x64.Build.0 = Release|x64
		{E728706A-43DB-4F78-A21D-A8F55D2968C4}.Release|x86.ActiveCfg = Release|x86
		{E728706A-43DB-4F78-A21D-A8F55D2968C4}.Release|x86.Build.0 = Release|x86
		{8B6F8FD1-B8F0-4993-80E4-04239445EC67}.Debug|Any CPU.ActiveCfg = Debug|Any CPU
		{8B6F8FD1-B8F0-4993-80E4-04239445EC67}.Debug|Any CPU.Build.0 = Debug|Any CPU
		{8B6F8FD1-B8F0-4993-80E4-04239445EC67}.Debug|x64.ActiveCfg = Debug|x64
		{8B6F8FD1-B8F0-4993-80E4-04239445EC67}.Debug|x64.Build.0 = Debug|x64
		{8B6F8FD1-B8F0-4993-80E4-04239445EC67}.Debug|x86.ActiveCfg = Debug|x86
		{8B6F8FD1-B8F0-4993-80E4-04239445EC67}.Debug|x86.Build.0 = Debug|x86
		{8B6F8FD1-B8F0-4993-80E4-04239445EC67}.Release|Any CPU.ActiveCfg = Release|Any CPU
		{8B6F8FD1-B8F0-4993-80E4-04239445EC67}.Release|Any CPU.Build.0 = Release|Any CPU
		{8B6F8FD1-B8F0-4993-80E4-04239445EC67}.Release|x64.ActiveCfg = Release|x64
		{8B6F8FD1-B8F0-4993-80E4-04239445EC67}.Release|x64.Build.0 = Release|x64
		{8B6F8FD1-B8F0-4993-80E4-04239445EC67}.Release|x86.ActiveCfg = Release|x86
		{8B6F8FD1-B8F0-4993-80E4-04239445EC67}.Release|x86.Build.0 = Release|x86
		{C87AA19E-BAAF-4B93-A397-6FD6050079C0}.Debug|Any CPU.ActiveCfg = Debug|Any CPU
		{C87AA19E-BAAF-4B93-A397-6FD6050079C0}.Debug|Any CPU.Build.0 = Debug|Any CPU
		{C87AA19E-BAAF-4B93-A397-6FD6050079C0}.Debug|x64.ActiveCfg = Debug|x64
		{C87AA19E-BAAF-4B93-A397-6FD6050079C0}.Debug|x64.Build.0 = Debug|x64
		{C87AA19E-BAAF-4B93-A397-6FD6050079C0}.Debug|x86.ActiveCfg = Debug|x86
		{C87AA19E-BAAF-4B93-A397-6FD6050079C0}.Debug|x86.Build.0 = Debug|x86
		{C87AA19E-BAAF-4B93-A397-6FD6050079C0}.Release|Any CPU.ActiveCfg = Release|Any CPU
		{C87AA19E-BAAF-4B93-A397-6FD6050079C0}.Release|Any CPU.Build.0 = Release|Any CPU
		{C87AA19E-BAAF-4B93-A397-6FD6050079C0}.Release|x64.ActiveCfg = Release|x64
		{C87AA19E-BAAF-4B93-A397-6FD6050079C0}.Release|x64.Build.0 = Release|x64
		{C87AA19E-BAAF-4B93-A397-6FD6050079C0}.Release|x86.ActiveCfg = Release|x86
		{C87AA19E-BAAF-4B93-A397-6FD6050079C0}.Release|x86.Build.0 = Release|x86
		{EB581941-89D1-4A98-BDC0-F2E0ECBE4219}.Debug|Any CPU.ActiveCfg = Debug|Any CPU
		{EB581941-89D1-4A98-BDC0-F2E0ECBE4219}.Debug|Any CPU.Build.0 = Debug|Any CPU
		{EB581941-89D1-4A98-BDC0-F2E0ECBE4219}.Debug|x64.ActiveCfg = Debug|x64
		{EB581941-89D1-4A98-BDC0-F2E0ECBE4219}.Debug|x64.Build.0 = Debug|x64
		{EB581941-89D1-4A98-BDC0-F2E0ECBE4219}.Debug|x86.ActiveCfg = Debug|x86
		{EB581941-89D1-4A98-BDC0-F2E0ECBE4219}.Debug|x86.Build.0 = Debug|x86
		{EB581941-89D1-4A98-BDC0-F2E0ECBE4219}.Release|Any CPU.ActiveCfg = Release|Any CPU
		{EB581941-89D1-4A98-BDC0-F2E0ECBE4219}.Release|Any CPU.Build.0 = Release|Any CPU
		{EB581941-89D1-4A98-BDC0-F2E0ECBE4219}.Release|x64.ActiveCfg = Release|x64
		{EB581941-89D1-4A98-BDC0-F2E0ECBE4219}.Release|x64.Build.0 = Release|x64
		{EB581941-89D1-4A98-BDC0-F2E0ECBE4219}.Release|x86.ActiveCfg = Release|x86
		{EB581941-89D1-4A98-BDC0-F2E0ECBE4219}.Release|x86.Build.0 = Release|x86
		{8037A414-B619-4C90-AE2E-3D70063FAF79}.Debug|Any CPU.ActiveCfg = Debug|Any CPU
		{8037A414-B619-4C90-AE2E-3D70063FAF79}.Debug|Any CPU.Build.0 = Debug|Any CPU
		{8037A414-B619-4C90-AE2E-3D70063FAF79}.Debug|x64.ActiveCfg = Debug|x64
		{8037A414-B619-4C90-AE2E-3D70063FAF79}.Debug|x64.Build.0 = Debug|x64
		{8037A414-B619-4C90-AE2E-3D70063FAF79}.Debug|x86.ActiveCfg = Debug|x86
		{8037A414-B619-4C90-AE2E-3D70063FAF79}.Debug|x86.Build.0 = Debug|x86
		{8037A414-B619-4C90-AE2E-3D70063FAF79}.Release|Any CPU.ActiveCfg = Release|Any CPU
		{8037A414-B619-4C90-AE2E-3D70063FAF79}.Release|Any CPU.Build.0 = Release|Any CPU
		{8037A414-B619-4C90-AE2E-3D70063FAF79}.Release|x64.ActiveCfg = Release|x64
		{8037A414-B619-4C90-AE2E-3D70063FAF79}.Release|x64.Build.0 = Release|x64
		{8037A414-B619-4C90-AE2E-3D70063FAF79}.Release|x86.ActiveCfg = Release|x86
		{8037A414-B619-4C90-AE2E-3D70063FAF79}.Release|x86.Build.0 = Release|x86
		{CB156F58-3F1C-4C8F-BE89-33860E8AF1BB}.Debug|Any CPU.ActiveCfg = Debug|Any CPU
		{CB156F58-3F1C-4C8F-BE89-33860E8AF1BB}.Debug|Any CPU.Build.0 = Debug|Any CPU
		{CB156F58-3F1C-4C8F-BE89-33860E8AF1BB}.Debug|x64.ActiveCfg = Debug|x64
		{CB156F58-3F1C-4C8F-BE89-33860E8AF1BB}.Debug|x64.Build.0 = Debug|x64
		{CB156F58-3F1C-4C8F-BE89-33860E8AF1BB}.Debug|x86.ActiveCfg = Debug|x86
		{CB156F58-3F1C-4C8F-BE89-33860E8AF1BB}.Debug|x86.Build.0 = Debug|x86
		{CB156F58-3F1C-4C8F-BE89-33860E8AF1BB}.Release|Any CPU.ActiveCfg = Release|Any CPU
		{CB156F58-3F1C-4C8F-BE89-33860E8AF1BB}.Release|Any CPU.Build.0 = Release|Any CPU
		{CB156F58-3F1C-4C8F-BE89-33860E8AF1BB}.Release|x64.ActiveCfg = Release|x64
		{CB156F58-3F1C-4C8F-BE89-33860E8AF1BB}.Release|x64.Build.0 = Release|x64
		{CB156F58-3F1C-4C8F-BE89-33860E8AF1BB}.Release|x86.ActiveCfg = Release|x86
		{CB156F58-3F1C-4C8F-BE89-33860E8AF1BB}.Release|x86.Build.0 = Release|x86
		{B919F5F5-E6BE-465A-B106-810E0A8870C3}.Debug|Any CPU.ActiveCfg = Debug|Any CPU
		{B919F5F5-E6BE-465A-B106-810E0A8870C3}.Debug|Any CPU.Build.0 = Debug|Any CPU
		{B919F5F5-E6BE-465A-B106-810E0A8870C3}.Debug|x64.ActiveCfg = Debug|x64
		{B919F5F5-E6BE-465A-B106-810E0A8870C3}.Debug|x64.Build.0 = Debug|x64
		{B919F5F5-E6BE-465A-B106-810E0A8870C3}.Debug|x86.ActiveCfg = Debug|x86
		{B919F5F5-E6BE-465A-B106-810E0A8870C3}.Debug|x86.Build.0 = Debug|x86
		{B919F5F5-E6BE-465A-B106-810E0A8870C3}.Release|Any CPU.ActiveCfg = Release|Any CPU
		{B919F5F5-E6BE-465A-B106-810E0A8870C3}.Release|Any CPU.Build.0 = Release|Any CPU
		{B919F5F5-E6BE-465A-B106-810E0A8870C3}.Release|x64.ActiveCfg = Release|x64
		{B919F5F5-E6BE-465A-B106-810E0A8870C3}.Release|x64.Build.0 = Release|x64
		{B919F5F5-E6BE-465A-B106-810E0A8870C3}.Release|x86.ActiveCfg = Release|x86
		{B919F5F5-E6BE-465A-B106-810E0A8870C3}.Release|x86.Build.0 = Release|x86
		{B4EFAC21-9468-4F28-85F0-7E7BB9ECBF0B}.Debug|Any CPU.ActiveCfg = Debug|Any CPU
		{B4EFAC21-9468-4F28-85F0-7E7BB9ECBF0B}.Debug|Any CPU.Build.0 = Debug|Any CPU
		{B4EFAC21-9468-4F28-85F0-7E7BB9ECBF0B}.Debug|x64.ActiveCfg = Debug|x64
		{B4EFAC21-9468-4F28-85F0-7E7BB9ECBF0B}.Debug|x64.Build.0 = Debug|x64
		{B4EFAC21-9468-4F28-85F0-7E7BB9ECBF0B}.Debug|x86.ActiveCfg = Debug|x86
		{B4EFAC21-9468-4F28-85F0-7E7BB9ECBF0B}.Debug|x86.Build.0 = Debug|x86
		{B4EFAC21-9468-4F28-85F0-7E7BB9ECBF0B}.Release|Any CPU.ActiveCfg = Release|Any CPU
		{B4EFAC21-9468-4F28-85F0-7E7BB9ECBF0B}.Release|Any CPU.Build.0 = Release|Any CPU
		{B4EFAC21-9468-4F28-85F0-7E7BB9ECBF0B}.Release|x64.ActiveCfg = Release|x64
		{B4EFAC21-9468-4F28-85F0-7E7BB9ECBF0B}.Release|x64.Build.0 = Release|x64
		{B4EFAC21-9468-4F28-85F0-7E7BB9ECBF0B}.Release|x86.ActiveCfg = Release|x86
		{B4EFAC21-9468-4F28-85F0-7E7BB9ECBF0B}.Release|x86.Build.0 = Release|x86
		{E27D20F7-4B78-4813-8A32-6809E1FD3A80}.Debug|Any CPU.ActiveCfg = Debug|Any CPU
		{E27D20F7-4B78-4813-8A32-6809E1FD3A80}.Debug|Any CPU.Build.0 = Debug|Any CPU
		{E27D20F7-4B78-4813-8A32-6809E1FD3A80}.Debug|x64.ActiveCfg = Debug|x64
		{E27D20F7-4B78-4813-8A32-6809E1FD3A80}.Debug|x64.Build.0 = Debug|x64
		{E27D20F7-4B78-4813-8A32-6809E1FD3A80}.Debug|x86.ActiveCfg = Debug|x86
		{E27D20F7-4B78-4813-8A32-6809E1FD3A80}.Debug|x86.Build.0 = Debug|x86
		{E27D20F7-4B78-4813-8A32-6809E1FD3A80}.Release|Any CPU.ActiveCfg = Release|Any CPU
		{E27D20F7-4B78-4813-8A32-6809E1FD3A80}.Release|Any CPU.Build.0 = Release|Any CPU
		{E27D20F7-4B78-4813-8A32-6809E1FD3A80}.Release|x64.ActiveCfg = Release|x64
		{E27D20F7-4B78-4813-8A32-6809E1FD3A80}.Release|x64.Build.0 = Release|x64
		{E27D20F7-4B78-4813-8A32-6809E1FD3A80}.Release|x86.ActiveCfg = Release|x86
		{E27D20F7-4B78-4813-8A32-6809E1FD3A80}.Release|x86.Build.0 = Release|x86
		{315B1083-E564-4E9C-B05C-3D6F9BCD6BC9}.Debug|Any CPU.ActiveCfg = Debug|Any CPU
		{315B1083-E564-4E9C-B05C-3D6F9BCD6BC9}.Debug|Any CPU.Build.0 = Debug|Any CPU
		{315B1083-E564-4E9C-B05C-3D6F9BCD6BC9}.Debug|x64.ActiveCfg = Debug|x64
		{315B1083-E564-4E9C-B05C-3D6F9BCD6BC9}.Debug|x64.Build.0 = Debug|x64
		{315B1083-E564-4E9C-B05C-3D6F9BCD6BC9}.Debug|x86.ActiveCfg = Debug|x86
		{315B1083-E564-4E9C-B05C-3D6F9BCD6BC9}.Debug|x86.Build.0 = Debug|x86
		{315B1083-E564-4E9C-B05C-3D6F9BCD6BC9}.Release|Any CPU.ActiveCfg = Release|Any CPU
		{315B1083-E564-4E9C-B05C-3D6F9BCD6BC9}.Release|Any CPU.Build.0 = Release|Any CPU
		{315B1083-E564-4E9C-B05C-3D6F9BCD6BC9}.Release|x64.ActiveCfg = Release|x64
		{315B1083-E564-4E9C-B05C-3D6F9BCD6BC9}.Release|x64.Build.0 = Release|x64
		{315B1083-E564-4E9C-B05C-3D6F9BCD6BC9}.Release|x86.ActiveCfg = Release|x86
		{315B1083-E564-4E9C-B05C-3D6F9BCD6BC9}.Release|x86.Build.0 = Release|x86
	EndGlobalSection
EndGlobal
