
Microsoft Visual Studio Solution File, Format Version 12.00
# Visual Studio 15
VisualStudioVersion = 15.0.26124.0
MinimumVisualStudioVersion = 15.0.26124.0
Project("{FAE04EC0-301F-11D3-BF4B-00C04F79EFBC}") = "AWS.Cdk", "AWS.Cdk\AWS.Cdk.csproj", "{5D8226D7-F2E5-43B9-801B-D9404712E707}"
EndProject
Project("{FAE04EC0-301F-11D3-BF4B-00C04F79EFBC}") = "AWS.Cdk.Acm", "AWS.Cdk.Acm\AWS.Cdk.Acm.csproj", "{E6066F1D-8E7E-478A-9174-883D80C2CC75}"
EndProject
Project("{FAE04EC0-301F-11D3-BF4B-00C04F79EFBC}") = "AWS.Cdk.CloudFront", "AWS.Cdk.CloudFront\AWS.Cdk.CloudFront.csproj", "{004590AF-C8BF-4CEE-9B5B-CDDF3D5B5B68}"
EndProject
Project("{FAE04EC0-301F-11D3-BF4B-00C04F79EFBC}") = "AWS.Cdk.CloudTrail", "AWS.Cdk.CloudTrail\AWS.Cdk.CloudTrail.csproj", "{B7D90757-E3E7-4CBD-92FE-B3325A824B40}"
EndProject
Project("{FAE04EC0-301F-11D3-BF4B-00C04F79EFBC}") = "AWS.Cdk.CodeBuild", "AWS.Cdk.CodeBuild\AWS.Cdk.CodeBuild.csproj", "{F6F789EA-A0F2-4E52-843F-7E9BA1F5A421}"
EndProject
Project("{FAE04EC0-301F-11D3-BF4B-00C04F79EFBC}") = "AWS.Cdk.CodeCommit", "AWS.Cdk.CodeCommit\AWS.Cdk.CodeCommit.csproj", "{44B985B0-87B2-4EB1-800F-0214C5FD134E}"
EndProject
Project("{FAE04EC0-301F-11D3-BF4B-00C04F79EFBC}") = "AWS.Cdk.CodePipeline", "AWS.Cdk.CodePipeline\AWS.Cdk.CodePipeline.csproj", "{3DF5CF10-3F73-4DDD-88E7-463CD674C63D}"
EndProject
Project("{FAE04EC0-301F-11D3-BF4B-00C04F79EFBC}") = "AWS.Cdk.CustomResources", "AWS.Cdk.CustomResources\AWS.Cdk.CustomResources.csproj", "{5C43ACE9-7CD2-413B-A575-77879D50EA5D}"
EndProject
Project("{FAE04EC0-301F-11D3-BF4B-00C04F79EFBC}") = "AWS.Cdk.CxApi", "AWS.Cdk.CxApi\AWS.Cdk.CxApi.csproj", "{129810F0-4BDC-4C1D-A181-45600161789D}"
EndProject
Project("{FAE04EC0-301F-11D3-BF4B-00C04F79EFBC}") = "AWS.Cdk.DynamoDb", "AWS.Cdk.DynamoDb\AWS.Cdk.DynamoDb.csproj", "{1140034B-3082-44BB-8D0A-2033AE2419FF}"
EndProject
Project("{FAE04EC0-301F-11D3-BF4B-00C04F79EFBC}") = "AWS.Cdk.Ec2", "AWS.Cdk.Ec2\AWS.Cdk.Ec2.csproj", "{963F2211-16FC-4787-8190-436EC9F2AB6E}"
EndProject
Project("{FAE04EC0-301F-11D3-BF4B-00C04F79EFBC}") = "AWS.Cdk.Events", "AWS.Cdk.Events\AWS.Cdk.Events.csproj", "{5E63B084-81E9-4A63-BA89-2623B9381BE3}"
EndProject
Project("{FAE04EC0-301F-11D3-BF4B-00C04F79EFBC}") = "AWS.Cdk.Iam", "AWS.Cdk.Iam\AWS.Cdk.Iam.csproj", "{AF8FDA8B-0109-4D27-9838-3BD8916AE8A8}"
EndProject
Project("{FAE04EC0-301F-11D3-BF4B-00C04F79EFBC}") = "AWS.Cdk.Kinesis", "AWS.Cdk.Kinesis\AWS.Cdk.Kinesis.csproj", "{D8A1A3DD-FED7-497F-8D07-585E788C677C}"
EndProject
Project("{FAE04EC0-301F-11D3-BF4B-00C04F79EFBC}") = "AWS.Cdk.Kms", "AWS.Cdk.Kms\AWS.Cdk.Kms.csproj", "{6BCAE03C-97D3-49DE-9148-1581C5F3A3B0}"
EndProject
Project("{FAE04EC0-301F-11D3-BF4B-00C04F79EFBC}") = "AWS.Cdk.Lambda", "AWS.Cdk.Lambda\AWS.Cdk.Lambda.csproj", "{36519C12-A25F-441C-9F35-B503F7EECAF8}"
EndProject
Project("{FAE04EC0-301F-11D3-BF4B-00C04F79EFBC}") = "AWS.Cdk.Neptune", "AWS.Cdk.Neptune\AWS.Cdk.Neptune.csproj", "{9550A15A-D945-421C-8FC5-7E81FC770C31}"
EndProject
Project("{FAE04EC0-301F-11D3-BF4B-00C04F79EFBC}") = "AWS.Cdk.QuickStarts", "AWS.Cdk.QuickStarts\AWS.Cdk.QuickStarts.csproj", "{3D2F8334-9757-497E-B522-0312FEFC1104}"
EndProject
Project("{FAE04EC0-301F-11D3-BF4B-00C04F79EFBC}") = "AWS.Cdk.Rds", "AWS.Cdk.Rds\AWS.Cdk.Rds.csproj", "{2240E6D8-F290-4A2F-A081-D0F8F97EA434}"
EndProject
Project("{FAE04EC0-301F-11D3-BF4B-00C04F79EFBC}") = "AWS.Cdk.Resources", "AWS.Cdk.Resources\AWS.Cdk.Resources.csproj", "{22E9C5B9-5098-430D-9920-CDC0BD2492E1}"
EndProject
Project("{FAE04EC0-301F-11D3-BF4B-00C04F79EFBC}") = "AWS.Cdk.Route53", "AWS.Cdk.Route53\AWS.Cdk.Route53.csproj", "{55FF677D-5D68-49A2-895A-20BB7CDACE28}"
EndProject
Project("{FAE04EC0-301F-11D3-BF4B-00C04F79EFBC}") = "AWS.Cdk.Rtv", "AWS.Cdk.Rtv\AWS.Cdk.Rtv.csproj", "{4FC65076-F8A1-4C93-8841-B00D3C7CFC97}"
EndProject
Project("{FAE04EC0-301F-11D3-BF4B-00C04F79EFBC}") = "AWS.Cdk.S3", "AWS.Cdk.S3\AWS.Cdk.S3.csproj", "{3AE9F2F6-1ACD-43A2-A828-FC1FDE121929}"
EndProject
Project("{FAE04EC0-301F-11D3-BF4B-00C04F79EFBC}") = "AWS.Cdk.Sns", "AWS.Cdk.Sns\AWS.Cdk.Sns.csproj", "{A6579DEB-3F2E-4A85-A956-FE83EA79EB6A}"
EndProject
Project("{FAE04EC0-301F-11D3-BF4B-00C04F79EFBC}") = "AWS.Cdk.Sqs", "AWS.Cdk.Sqs\AWS.Cdk.Sqs.csproj", "{6876936F-5FE1-49F0-96EE-5308185786D9}"
EndProject
Global
	GlobalSection(SolutionConfigurationPlatforms) = preSolution
		Debug|Any CPU = Debug|Any CPU
		Debug|x64 = Debug|x64
		Debug|x86 = Debug|x86
		Release|Any CPU = Release|Any CPU
		Release|x64 = Release|x64
		Release|x86 = Release|x86
	EndGlobalSection
	GlobalSection(SolutionProperties) = preSolution
		HideSolutionNode = FALSE
	EndGlobalSection
	GlobalSection(ProjectConfigurationPlatforms) = postSolution
		{5D8226D7-F2E5-43B9-801B-D9404712E707}.Debug|Any CPU.ActiveCfg = Debug|Any CPU
		{5D8226D7-F2E5-43B9-801B-D9404712E707}.Debug|Any CPU.Build.0 = Debug|Any CPU
		{5D8226D7-F2E5-43B9-801B-D9404712E707}.Debug|x64.ActiveCfg = Debug|x64
		{5D8226D7-F2E5-43B9-801B-D9404712E707}.Debug|x64.Build.0 = Debug|x64
		{5D8226D7-F2E5-43B9-801B-D9404712E707}.Debug|x86.ActiveCfg = Debug|x86
		{5D8226D7-F2E5-43B9-801B-D9404712E707}.Debug|x86.Build.0 = Debug|x86
		{5D8226D7-F2E5-43B9-801B-D9404712E707}.Release|Any CPU.ActiveCfg = Release|Any CPU
		{5D8226D7-F2E5-43B9-801B-D9404712E707}.Release|Any CPU.Build.0 = Release|Any CPU
		{5D8226D7-F2E5-43B9-801B-D9404712E707}.Release|x64.ActiveCfg = Release|x64
		{5D8226D7-F2E5-43B9-801B-D9404712E707}.Release|x64.Build.0 = Release|x64
		{5D8226D7-F2E5-43B9-801B-D9404712E707}.Release|x86.ActiveCfg = Release|x86
		{5D8226D7-F2E5-43B9-801B-D9404712E707}.Release|x86.Build.0 = Release|x86
		{E6066F1D-8E7E-478A-9174-883D80C2CC75}.Debug|Any CPU.ActiveCfg = Debug|Any CPU
		{E6066F1D-8E7E-478A-9174-883D80C2CC75}.Debug|Any CPU.Build.0 = Debug|Any CPU
		{E6066F1D-8E7E-478A-9174-883D80C2CC75}.Debug|x64.ActiveCfg = Debug|x64
		{E6066F1D-8E7E-478A-9174-883D80C2CC75}.Debug|x64.Build.0 = Debug|x64
		{E6066F1D-8E7E-478A-9174-883D80C2CC75}.Debug|x86.ActiveCfg = Debug|x86
		{E6066F1D-8E7E-478A-9174-883D80C2CC75}.Debug|x86.Build.0 = Debug|x86
		{E6066F1D-8E7E-478A-9174-883D80C2CC75}.Release|Any CPU.ActiveCfg = Release|Any CPU
		{E6066F1D-8E7E-478A-9174-883D80C2CC75}.Release|Any CPU.Build.0 = Release|Any CPU
		{E6066F1D-8E7E-478A-9174-883D80C2CC75}.Release|x64.ActiveCfg = Release|x64
		{E6066F1D-8E7E-478A-9174-883D80C2CC75}.Release|x64.Build.0 = Release|x64
		{E6066F1D-8E7E-478A-9174-883D80C2CC75}.Release|x86.ActiveCfg = Release|x86
		{E6066F1D-8E7E-478A-9174-883D80C2CC75}.Release|x86.Build.0 = Release|x86
		{004590AF-C8BF-4CEE-9B5B-CDDF3D5B5B68}.Debug|Any CPU.ActiveCfg = Debug|Any CPU
		{004590AF-C8BF-4CEE-9B5B-CDDF3D5B5B68}.Debug|Any CPU.Build.0 = Debug|Any CPU
		{004590AF-C8BF-4CEE-9B5B-CDDF3D5B5B68}.Debug|x64.ActiveCfg = Debug|x64
		{004590AF-C8BF-4CEE-9B5B-CDDF3D5B5B68}.Debug|x64.Build.0 = Debug|x64
		{004590AF-C8BF-4CEE-9B5B-CDDF3D5B5B68}.Debug|x86.ActiveCfg = Debug|x86
		{004590AF-C8BF-4CEE-9B5B-CDDF3D5B5B68}.Debug|x86.Build.0 = Debug|x86
		{004590AF-C8BF-4CEE-9B5B-CDDF3D5B5B68}.Release|Any CPU.ActiveCfg = Release|Any CPU
		{004590AF-C8BF-4CEE-9B5B-CDDF3D5B5B68}.Release|Any CPU.Build.0 = Release|Any CPU
		{004590AF-C8BF-4CEE-9B5B-CDDF3D5B5B68}.Release|x64.ActiveCfg = Release|x64
		{004590AF-C8BF-4CEE-9B5B-CDDF3D5B5B68}.Release|x64.Build.0 = Release|x64
		{004590AF-C8BF-4CEE-9B5B-CDDF3D5B5B68}.Release|x86.ActiveCfg = Release|x86
		{004590AF-C8BF-4CEE-9B5B-CDDF3D5B5B68}.Release|x86.Build.0 = Release|x86
		{B7D90757-E3E7-4CBD-92FE-B3325A824B40}.Debug|Any CPU.ActiveCfg = Debug|Any CPU
		{B7D90757-E3E7-4CBD-92FE-B3325A824B40}.Debug|Any CPU.Build.0 = Debug|Any CPU
		{B7D90757-E3E7-4CBD-92FE-B3325A824B40}.Debug|x64.ActiveCfg = Debug|x64
		{B7D90757-E3E7-4CBD-92FE-B3325A824B40}.Debug|x64.Build.0 = Debug|x64
		{B7D90757-E3E7-4CBD-92FE-B3325A824B40}.Debug|x86.ActiveCfg = Debug|x86
		{B7D90757-E3E7-4CBD-92FE-B3325A824B40}.Debug|x86.Build.0 = Debug|x86
		{B7D90757-E3E7-4CBD-92FE-B3325A824B40}.Release|Any CPU.ActiveCfg = Release|Any CPU
		{B7D90757-E3E7-4CBD-92FE-B3325A824B40}.Release|Any CPU.Build.0 = Release|Any CPU
		{B7D90757-E3E7-4CBD-92FE-B3325A824B40}.Release|x64.ActiveCfg = Release|x64
		{B7D90757-E3E7-4CBD-92FE-B3325A824B40}.Release|x64.Build.0 = Release|x64
		{B7D90757-E3E7-4CBD-92FE-B3325A824B40}.Release|x86.ActiveCfg = Release|x86
		{B7D90757-E3E7-4CBD-92FE-B3325A824B40}.Release|x86.Build.0 = Release|x86
		{F6F789EA-A0F2-4E52-843F-7E9BA1F5A421}.Debug|Any CPU.ActiveCfg = Debug|Any CPU
		{F6F789EA-A0F2-4E52-843F-7E9BA1F5A421}.Debug|Any CPU.Build.0 = Debug|Any CPU
		{F6F789EA-A0F2-4E52-843F-7E9BA1F5A421}.Debug|x64.ActiveCfg = Debug|x64
		{F6F789EA-A0F2-4E52-843F-7E9BA1F5A421}.Debug|x64.Build.0 = Debug|x64
		{F6F789EA-A0F2-4E52-843F-7E9BA1F5A421}.Debug|x86.ActiveCfg = Debug|x86
		{F6F789EA-A0F2-4E52-843F-7E9BA1F5A421}.Debug|x86.Build.0 = Debug|x86
		{F6F789EA-A0F2-4E52-843F-7E9BA1F5A421}.Release|Any CPU.ActiveCfg = Release|Any CPU
		{F6F789EA-A0F2-4E52-843F-7E9BA1F5A421}.Release|Any CPU.Build.0 = Release|Any CPU
		{F6F789EA-A0F2-4E52-843F-7E9BA1F5A421}.Release|x64.ActiveCfg = Release|x64
		{F6F789EA-A0F2-4E52-843F-7E9BA1F5A421}.Release|x64.Build.0 = Release|x64
		{F6F789EA-A0F2-4E52-843F-7E9BA1F5A421}.Release|x86.ActiveCfg = Release|x86
		{F6F789EA-A0F2-4E52-843F-7E9BA1F5A421}.Release|x86.Build.0 = Release|x86
		{44B985B0-87B2-4EB1-800F-0214C5FD134E}.Debug|Any CPU.ActiveCfg = Debug|Any CPU
		{44B985B0-87B2-4EB1-800F-0214C5FD134E}.Debug|Any CPU.Build.0 = Debug|Any CPU
		{44B985B0-87B2-4EB1-800F-0214C5FD134E}.Debug|x64.ActiveCfg = Debug|x64
		{44B985B0-87B2-4EB1-800F-0214C5FD134E}.Debug|x64.Build.0 = Debug|x64
		{44B985B0-87B2-4EB1-800F-0214C5FD134E}.Debug|x86.ActiveCfg = Debug|x86
		{44B985B0-87B2-4EB1-800F-0214C5FD134E}.Debug|x86.Build.0 = Debug|x86
		{44B985B0-87B2-4EB1-800F-0214C5FD134E}.Release|Any CPU.ActiveCfg = Release|Any CPU
		{44B985B0-87B2-4EB1-800F-0214C5FD134E}.Release|Any CPU.Build.0 = Release|Any CPU
		{44B985B0-87B2-4EB1-800F-0214C5FD134E}.Release|x64.ActiveCfg = Release|x64
		{44B985B0-87B2-4EB1-800F-0214C5FD134E}.Release|x64.Build.0 = Release|x64
		{44B985B0-87B2-4EB1-800F-0214C5FD134E}.Release|x86.ActiveCfg = Release|x86
		{44B985B0-87B2-4EB1-800F-0214C5FD134E}.Release|x86.Build.0 = Release|x86
		{3DF5CF10-3F73-4DDD-88E7-463CD674C63D}.Debug|Any CPU.ActiveCfg = Debug|Any CPU
		{3DF5CF10-3F73-4DDD-88E7-463CD674C63D}.Debug|Any CPU.Build.0 = Debug|Any CPU
		{3DF5CF10-3F73-4DDD-88E7-463CD674C63D}.Debug|x64.ActiveCfg = Debug|x64
		{3DF5CF10-3F73-4DDD-88E7-463CD674C63D}.Debug|x64.Build.0 = Debug|x64
		{3DF5CF10-3F73-4DDD-88E7-463CD674C63D}.Debug|x86.ActiveCfg = Debug|x86
		{3DF5CF10-3F73-4DDD-88E7-463CD674C63D}.Debug|x86.Build.0 = Debug|x86
		{3DF5CF10-3F73-4DDD-88E7-463CD674C63D}.Release|Any CPU.ActiveCfg = Release|Any CPU
		{3DF5CF10-3F73-4DDD-88E7-463CD674C63D}.Release|Any CPU.Build.0 = Release|Any CPU
		{3DF5CF10-3F73-4DDD-88E7-463CD674C63D}.Release|x64.ActiveCfg = Release|x64
		{3DF5CF10-3F73-4DDD-88E7-463CD674C63D}.Release|x64.Build.0 = Release|x64
		{3DF5CF10-3F73-4DDD-88E7-463CD674C63D}.Release|x86.ActiveCfg = Release|x86
		{3DF5CF10-3F73-4DDD-88E7-463CD674C63D}.Release|x86.Build.0 = Release|x86
		{5C43ACE9-7CD2-413B-A575-77879D50EA5D}.Debug|Any CPU.ActiveCfg = Debug|Any CPU
		{5C43ACE9-7CD2-413B-A575-77879D50EA5D}.Debug|Any CPU.Build.0 = Debug|Any CPU
		{5C43ACE9-7CD2-413B-A575-77879D50EA5D}.Debug|x64.ActiveCfg = Debug|x64
		{5C43ACE9-7CD2-413B-A575-77879D50EA5D}.Debug|x64.Build.0 = Debug|x64
		{5C43ACE9-7CD2-413B-A575-77879D50EA5D}.Debug|x86.ActiveCfg = Debug|x86
		{5C43ACE9-7CD2-413B-A575-77879D50EA5D}.Debug|x86.Build.0 = Debug|x86
		{5C43ACE9-7CD2-413B-A575-77879D50EA5D}.Release|Any CPU.ActiveCfg = Release|Any CPU
		{5C43ACE9-7CD2-413B-A575-77879D50EA5D}.Release|Any CPU.Build.0 = Release|Any CPU
		{5C43ACE9-7CD2-413B-A575-77879D50EA5D}.Release|x64.ActiveCfg = Release|x64
		{5C43ACE9-7CD2-413B-A575-77879D50EA5D}.Release|x64.Build.0 = Release|x64
		{5C43ACE9-7CD2-413B-A575-77879D50EA5D}.Release|x86.ActiveCfg = Release|x86
		{5C43ACE9-7CD2-413B-A575-77879D50EA5D}.Release|x86.Build.0 = Release|x86
		{129810F0-4BDC-4C1D-A181-45600161789D}.Debug|Any CPU.ActiveCfg = Debug|Any CPU
		{129810F0-4BDC-4C1D-A181-45600161789D}.Debug|Any CPU.Build.0 = Debug|Any CPU
		{129810F0-4BDC-4C1D-A181-45600161789D}.Debug|x64.ActiveCfg = Debug|x64
		{129810F0-4BDC-4C1D-A181-45600161789D}.Debug|x64.Build.0 = Debug|x64
		{129810F0-4BDC-4C1D-A181-45600161789D}.Debug|x86.ActiveCfg = Debug|x86
		{129810F0-4BDC-4C1D-A181-45600161789D}.Debug|x86.Build.0 = Debug|x86
		{129810F0-4BDC-4C1D-A181-45600161789D}.Release|Any CPU.ActiveCfg = Release|Any CPU
		{129810F0-4BDC-4C1D-A181-45600161789D}.Release|Any CPU.Build.0 = Release|Any CPU
		{129810F0-4BDC-4C1D-A181-45600161789D}.Release|x64.ActiveCfg = Release|x64
		{129810F0-4BDC-4C1D-A181-45600161789D}.Release|x64.Build.0 = Release|x64
		{129810F0-4BDC-4C1D-A181-45600161789D}.Release|x86.ActiveCfg = Release|x86
		{129810F0-4BDC-4C1D-A181-45600161789D}.Release|x86.Build.0 = Release|x86
		{1140034B-3082-44BB-8D0A-2033AE2419FF}.Debug|Any CPU.ActiveCfg = Debug|Any CPU
		{1140034B-3082-44BB-8D0A-2033AE2419FF}.Debug|Any CPU.Build.0 = Debug|Any CPU
		{1140034B-3082-44BB-8D0A-2033AE2419FF}.Debug|x64.ActiveCfg = Debug|x64
		{1140034B-3082-44BB-8D0A-2033AE2419FF}.Debug|x64.Build.0 = Debug|x64
		{1140034B-3082-44BB-8D0A-2033AE2419FF}.Debug|x86.ActiveCfg = Debug|x86
		{1140034B-3082-44BB-8D0A-2033AE2419FF}.Debug|x86.Build.0 = Debug|x86
		{1140034B-3082-44BB-8D0A-2033AE2419FF}.Release|Any CPU.ActiveCfg = Release|Any CPU
		{1140034B-3082-44BB-8D0A-2033AE2419FF}.Release|Any CPU.Build.0 = Release|Any CPU
		{1140034B-3082-44BB-8D0A-2033AE2419FF}.Release|x64.ActiveCfg = Release|x64
		{1140034B-3082-44BB-8D0A-2033AE2419FF}.Release|x64.Build.0 = Release|x64
		{1140034B-3082-44BB-8D0A-2033AE2419FF}.Release|x86.ActiveCfg = Release|x86
		{1140034B-3082-44BB-8D0A-2033AE2419FF}.Release|x86.Build.0 = Release|x86
		{963F2211-16FC-4787-8190-436EC9F2AB6E}.Debug|Any CPU.ActiveCfg = Debug|Any CPU
		{963F2211-16FC-4787-8190-436EC9F2AB6E}.Debug|Any CPU.Build.0 = Debug|Any CPU
		{963F2211-16FC-4787-8190-436EC9F2AB6E}.Debug|x64.ActiveCfg = Debug|x64
		{963F2211-16FC-4787-8190-436EC9F2AB6E}.Debug|x64.Build.0 = Debug|x64
		{963F2211-16FC-4787-8190-436EC9F2AB6E}.Debug|x86.ActiveCfg = Debug|x86
		{963F2211-16FC-4787-8190-436EC9F2AB6E}.Debug|x86.Build.0 = Debug|x86
		{963F2211-16FC-4787-8190-436EC9F2AB6E}.Release|Any CPU.ActiveCfg = Release|Any CPU
		{963F2211-16FC-4787-8190-436EC9F2AB6E}.Release|Any CPU.Build.0 = Release|Any CPU
		{963F2211-16FC-4787-8190-436EC9F2AB6E}.Release|x64.ActiveCfg = Release|x64
		{963F2211-16FC-4787-8190-436EC9F2AB6E}.Release|x64.Build.0 = Release|x64
		{963F2211-16FC-4787-8190-436EC9F2AB6E}.Release|x86.ActiveCfg = Release|x86
		{963F2211-16FC-4787-8190-436EC9F2AB6E}.Release|x86.Build.0 = Release|x86
		{5E63B084-81E9-4A63-BA89-2623B9381BE3}.Debug|Any CPU.ActiveCfg = Debug|Any CPU
		{5E63B084-81E9-4A63-BA89-2623B9381BE3}.Debug|Any CPU.Build.0 = Debug|Any CPU
		{5E63B084-81E9-4A63-BA89-2623B9381BE3}.Debug|x64.ActiveCfg = Debug|x64
		{5E63B084-81E9-4A63-BA89-2623B9381BE3}.Debug|x64.Build.0 = Debug|x64
		{5E63B084-81E9-4A63-BA89-2623B9381BE3}.Debug|x86.ActiveCfg = Debug|x86
		{5E63B084-81E9-4A63-BA89-2623B9381BE3}.Debug|x86.Build.0 = Debug|x86
		{5E63B084-81E9-4A63-BA89-2623B9381BE3}.Release|Any CPU.ActiveCfg = Release|Any CPU
		{5E63B084-81E9-4A63-BA89-2623B9381BE3}.Release|Any CPU.Build.0 = Release|Any CPU
		{5E63B084-81E9-4A63-BA89-2623B9381BE3}.Release|x64.ActiveCfg = Release|x64
		{5E63B084-81E9-4A63-BA89-2623B9381BE3}.Release|x64.Build.0 = Release|x64
		{5E63B084-81E9-4A63-BA89-2623B9381BE3}.Release|x86.ActiveCfg = Release|x86
		{5E63B084-81E9-4A63-BA89-2623B9381BE3}.Release|x86.Build.0 = Release|x86
		{AF8FDA8B-0109-4D27-9838-3BD8916AE8A8}.Debug|Any CPU.ActiveCfg = Debug|Any CPU
		{AF8FDA8B-0109-4D27-9838-3BD8916AE8A8}.Debug|Any CPU.Build.0 = Debug|Any CPU
		{AF8FDA8B-0109-4D27-9838-3BD8916AE8A8}.Debug|x64.ActiveCfg = Debug|x64
		{AF8FDA8B-0109-4D27-9838-3BD8916AE8A8}.Debug|x64.Build.0 = Debug|x64
		{AF8FDA8B-0109-4D27-9838-3BD8916AE8A8}.Debug|x86.ActiveCfg = Debug|x86
		{AF8FDA8B-0109-4D27-9838-3BD8916AE8A8}.Debug|x86.Build.0 = Debug|x86
		{AF8FDA8B-0109-4D27-9838-3BD8916AE8A8}.Release|Any CPU.ActiveCfg = Release|Any CPU
		{AF8FDA8B-0109-4D27-9838-3BD8916AE8A8}.Release|Any CPU.Build.0 = Release|Any CPU
		{AF8FDA8B-0109-4D27-9838-3BD8916AE8A8}.Release|x64.ActiveCfg = Release|x64
		{AF8FDA8B-0109-4D27-9838-3BD8916AE8A8}.Release|x64.Build.0 = Release|x64
		{AF8FDA8B-0109-4D27-9838-3BD8916AE8A8}.Release|x86.ActiveCfg = Release|x86
		{AF8FDA8B-0109-4D27-9838-3BD8916AE8A8}.Release|x86.Build.0 = Release|x86
		{D8A1A3DD-FED7-497F-8D07-585E788C677C}.Debug|Any CPU.ActiveCfg = Debug|Any CPU
		{D8A1A3DD-FED7-497F-8D07-585E788C677C}.Debug|Any CPU.Build.0 = Debug|Any CPU
		{D8A1A3DD-FED7-497F-8D07-585E788C677C}.Debug|x64.ActiveCfg = Debug|x64
		{D8A1A3DD-FED7-497F-8D07-585E788C677C}.Debug|x64.Build.0 = Debug|x64
		{D8A1A3DD-FED7-497F-8D07-585E788C677C}.Debug|x86.ActiveCfg = Debug|x86
		{D8A1A3DD-FED7-497F-8D07-585E788C677C}.Debug|x86.Build.0 = Debug|x86
		{D8A1A3DD-FED7-497F-8D07-585E788C677C}.Release|Any CPU.ActiveCfg = Release|Any CPU
		{D8A1A3DD-FED7-497F-8D07-585E788C677C}.Release|Any CPU.Build.0 = Release|Any CPU
		{D8A1A3DD-FED7-497F-8D07-585E788C677C}.Release|x64.ActiveCfg = Release|x64
		{D8A1A3DD-FED7-497F-8D07-585E788C677C}.Release|x64.Build.0 = Release|x64
		{D8A1A3DD-FED7-497F-8D07-585E788C677C}.Release|x86.ActiveCfg = Release|x86
		{D8A1A3DD-FED7-497F-8D07-585E788C677C}.Release|x86.Build.0 = Release|x86
		{6BCAE03C-97D3-49DE-9148-1581C5F3A3B0}.Debug|Any CPU.ActiveCfg = Debug|Any CPU
		{6BCAE03C-97D3-49DE-9148-1581C5F3A3B0}.Debug|Any CPU.Build.0 = Debug|Any CPU
		{6BCAE03C-97D3-49DE-9148-1581C5F3A3B0}.Debug|x64.ActiveCfg = Debug|x64
		{6BCAE03C-97D3-49DE-9148-1581C5F3A3B0}.Debug|x64.Build.0 = Debug|x64
		{6BCAE03C-97D3-49DE-9148-1581C5F3A3B0}.Debug|x86.ActiveCfg = Debug|x86
		{6BCAE03C-97D3-49DE-9148-1581C5F3A3B0}.Debug|x86.Build.0 = Debug|x86
		{6BCAE03C-97D3-49DE-9148-1581C5F3A3B0}.Release|Any CPU.ActiveCfg = Release|Any CPU
		{6BCAE03C-97D3-49DE-9148-1581C5F3A3B0}.Release|Any CPU.Build.0 = Release|Any CPU
		{6BCAE03C-97D3-49DE-9148-1581C5F3A3B0}.Release|x64.ActiveCfg = Release|x64
		{6BCAE03C-97D3-49DE-9148-1581C5F3A3B0}.Release|x64.Build.0 = Release|x64
		{6BCAE03C-97D3-49DE-9148-1581C5F3A3B0}.Release|x86.ActiveCfg = Release|x86
		{6BCAE03C-97D3-49DE-9148-1581C5F3A3B0}.Release|x86.Build.0 = Release|x86
		{36519C12-A25F-441C-9F35-B503F7EECAF8}.Debug|Any CPU.ActiveCfg = Debug|Any CPU
		{36519C12-A25F-441C-9F35-B503F7EECAF8}.Debug|Any CPU.Build.0 = Debug|Any CPU
		{36519C12-A25F-441C-9F35-B503F7EECAF8}.Debug|x64.ActiveCfg = Debug|x64
		{36519C12-A25F-441C-9F35-B503F7EECAF8}.Debug|x64.Build.0 = Debug|x64
		{36519C12-A25F-441C-9F35-B503F7EECAF8}.Debug|x86.ActiveCfg = Debug|x86
		{36519C12-A25F-441C-9F35-B503F7EECAF8}.Debug|x86.Build.0 = Debug|x86
		{36519C12-A25F-441C-9F35-B503F7EECAF8}.Release|Any CPU.ActiveCfg = Release|Any CPU
		{36519C12-A25F-441C-9F35-B503F7EECAF8}.Release|Any CPU.Build.0 = Release|Any CPU
		{36519C12-A25F-441C-9F35-B503F7EECAF8}.Release|x64.ActiveCfg = Release|x64
		{36519C12-A25F-441C-9F35-B503F7EECAF8}.Release|x64.Build.0 = Release|x64
		{36519C12-A25F-441C-9F35-B503F7EECAF8}.Release|x86.ActiveCfg = Release|x86
		{36519C12-A25F-441C-9F35-B503F7EECAF8}.Release|x86.Build.0 = Release|x86
		{9550A15A-D945-421C-8FC5-7E81FC770C31}.Debug|Any CPU.ActiveCfg = Debug|Any CPU
		{9550A15A-D945-421C-8FC5-7E81FC770C31}.Debug|Any CPU.Build.0 = Debug|Any CPU
		{9550A15A-D945-421C-8FC5-7E81FC770C31}.Debug|x64.ActiveCfg = Debug|x64
		{9550A15A-D945-421C-8FC5-7E81FC770C31}.Debug|x64.Build.0 = Debug|x64
		{9550A15A-D945-421C-8FC5-7E81FC770C31}.Debug|x86.ActiveCfg = Debug|x86
		{9550A15A-D945-421C-8FC5-7E81FC770C31}.Debug|x86.Build.0 = Debug|x86
		{9550A15A-D945-421C-8FC5-7E81FC770C31}.Release|Any CPU.ActiveCfg = Release|Any CPU
		{9550A15A-D945-421C-8FC5-7E81FC770C31}.Release|Any CPU.Build.0 = Release|Any CPU
		{9550A15A-D945-421C-8FC5-7E81FC770C31}.Release|x64.ActiveCfg = Release|x64
		{9550A15A-D945-421C-8FC5-7E81FC770C31}.Release|x64.Build.0 = Release|x64
		{9550A15A-D945-421C-8FC5-7E81FC770C31}.Release|x86.ActiveCfg = Release|x86
		{9550A15A-D945-421C-8FC5-7E81FC770C31}.Release|x86.Build.0 = Release|x86
		{3D2F8334-9757-497E-B522-0312FEFC1104}.Debug|Any CPU.ActiveCfg = Debug|Any CPU
		{3D2F8334-9757-497E-B522-0312FEFC1104}.Debug|Any CPU.Build.0 = Debug|Any CPU
		{3D2F8334-9757-497E-B522-0312FEFC1104}.Debug|x64.ActiveCfg = Debug|x64
		{3D2F8334-9757-497E-B522-0312FEFC1104}.Debug|x64.Build.0 = Debug|x64
		{3D2F8334-9757-497E-B522-0312FEFC1104}.Debug|x86.ActiveCfg = Debug|x86
		{3D2F8334-9757-497E-B522-0312FEFC1104}.Debug|x86.Build.0 = Debug|x86
		{3D2F8334-9757-497E-B522-0312FEFC1104}.Release|Any CPU.ActiveCfg = Release|Any CPU
		{3D2F8334-9757-497E-B522-0312FEFC1104}.Release|Any CPU.Build.0 = Release|Any CPU
		{3D2F8334-9757-497E-B522-0312FEFC1104}.Release|x64.ActiveCfg = Release|x64
		{3D2F8334-9757-497E-B522-0312FEFC1104}.Release|x64.Build.0 = Release|x64
		{3D2F8334-9757-497E-B522-0312FEFC1104}.Release|x86.ActiveCfg = Release|x86
		{3D2F8334-9757-497E-B522-0312FEFC1104}.Release|x86.Build.0 = Release|x86
		{2240E6D8-F290-4A2F-A081-D0F8F97EA434}.Debug|Any CPU.ActiveCfg = Debug|Any CPU
		{2240E6D8-F290-4A2F-A081-D0F8F97EA434}.Debug|Any CPU.Build.0 = Debug|Any CPU
		{2240E6D8-F290-4A2F-A081-D0F8F97EA434}.Debug|x64.ActiveCfg = Debug|x64
		{2240E6D8-F290-4A2F-A081-D0F8F97EA434}.Debug|x64.Build.0 = Debug|x64
		{2240E6D8-F290-4A2F-A081-D0F8F97EA434}.Debug|x86.ActiveCfg = Debug|x86
		{2240E6D8-F290-4A2F-A081-D0F8F97EA434}.Debug|x86.Build.0 = Debug|x86
		{2240E6D8-F290-4A2F-A081-D0F8F97EA434}.Release|Any CPU.ActiveCfg = Release|Any CPU
		{2240E6D8-F290-4A2F-A081-D0F8F97EA434}.Release|Any CPU.Build.0 = Release|Any CPU
		{2240E6D8-F290-4A2F-A081-D0F8F97EA434}.Release|x64.ActiveCfg = Release|x64
		{2240E6D8-F290-4A2F-A081-D0F8F97EA434}.Release|x64.Build.0 = Release|x64
		{2240E6D8-F290-4A2F-A081-D0F8F97EA434}.Release|x86.ActiveCfg = Release|x86
		{2240E6D8-F290-4A2F-A081-D0F8F97EA434}.Release|x86.Build.0 = Release|x86
		{22E9C5B9-5098-430D-9920-CDC0BD2492E1}.Debug|Any CPU.ActiveCfg = Debug|Any CPU
		{22E9C5B9-5098-430D-9920-CDC0BD2492E1}.Debug|Any CPU.Build.0 = Debug|Any CPU
		{22E9C5B9-5098-430D-9920-CDC0BD2492E1}.Debug|x64.ActiveCfg = Debug|x64
		{22E9C5B9-5098-430D-9920-CDC0BD2492E1}.Debug|x64.Build.0 = Debug|x64
		{22E9C5B9-5098-430D-9920-CDC0BD2492E1}.Debug|x86.ActiveCfg = Debug|x86
		{22E9C5B9-5098-430D-9920-CDC0BD2492E1}.Debug|x86.Build.0 = Debug|x86
		{22E9C5B9-5098-430D-9920-CDC0BD2492E1}.Release|Any CPU.ActiveCfg = Release|Any CPU
		{22E9C5B9-5098-430D-9920-CDC0BD2492E1}.Release|Any CPU.Build.0 = Release|Any CPU
		{22E9C5B9-5098-430D-9920-CDC0BD2492E1}.Release|x64.ActiveCfg = Release|x64
		{22E9C5B9-5098-430D-9920-CDC0BD2492E1}.Release|x64.Build.0 = Release|x64
		{22E9C5B9-5098-430D-9920-CDC0BD2492E1}.Release|x86.ActiveCfg = Release|x86
		{22E9C5B9-5098-430D-9920-CDC0BD2492E1}.Release|x86.Build.0 = Release|x86
		{55FF677D-5D68-49A2-895A-20BB7CDACE28}.Debug|Any CPU.ActiveCfg = Debug|Any CPU
		{55FF677D-5D68-49A2-895A-20BB7CDACE28}.Debug|Any CPU.Build.0 = Debug|Any CPU
		{55FF677D-5D68-49A2-895A-20BB7CDACE28}.Debug|x64.ActiveCfg = Debug|x64
		{55FF677D-5D68-49A2-895A-20BB7CDACE28}.Debug|x64.Build.0 = Debug|x64
		{55FF677D-5D68-49A2-895A-20BB7CDACE28}.Debug|x86.ActiveCfg = Debug|x86
		{55FF677D-5D68-49A2-895A-20BB7CDACE28}.Debug|x86.Build.0 = Debug|x86
		{55FF677D-5D68-49A2-895A-20BB7CDACE28}.Release|Any CPU.ActiveCfg = Release|Any CPU
		{55FF677D-5D68-49A2-895A-20BB7CDACE28}.Release|Any CPU.Build.0 = Release|Any CPU
		{55FF677D-5D68-49A2-895A-20BB7CDACE28}.Release|x64.ActiveCfg = Release|x64
		{55FF677D-5D68-49A2-895A-20BB7CDACE28}.Release|x64.Build.0 = Release|x64
		{55FF677D-5D68-49A2-895A-20BB7CDACE28}.Release|x86.ActiveCfg = Release|x86
		{55FF677D-5D68-49A2-895A-20BB7CDACE28}.Release|x86.Build.0 = Release|x86
		{4FC65076-F8A1-4C93-8841-B00D3C7CFC97}.Debug|Any CPU.ActiveCfg = Debug|Any CPU
		{4FC65076-F8A1-4C93-8841-B00D3C7CFC97}.Debug|Any CPU.Build.0 = Debug|Any CPU
		{4FC65076-F8A1-4C93-8841-B00D3C7CFC97}.Debug|x64.ActiveCfg = Debug|x64
		{4FC65076-F8A1-4C93-8841-B00D3C7CFC97}.Debug|x64.Build.0 = Debug|x64
		{4FC65076-F8A1-4C93-8841-B00D3C7CFC97}.Debug|x86.ActiveCfg = Debug|x86
		{4FC65076-F8A1-4C93-8841-B00D3C7CFC97}.Debug|x86.Build.0 = Debug|x86
		{4FC65076-F8A1-4C93-8841-B00D3C7CFC97}.Release|Any CPU.ActiveCfg = Release|Any CPU
		{4FC65076-F8A1-4C93-8841-B00D3C7CFC97}.Release|Any CPU.Build.0 = Release|Any CPU
		{4FC65076-F8A1-4C93-8841-B00D3C7CFC97}.Release|x64.ActiveCfg = Release|x64
		{4FC65076-F8A1-4C93-8841-B00D3C7CFC97}.Release|x64.Build.0 = Release|x64
		{4FC65076-F8A1-4C93-8841-B00D3C7CFC97}.Release|x86.ActiveCfg = Release|x86
		{4FC65076-F8A1-4C93-8841-B00D3C7CFC97}.Release|x86.Build.0 = Release|x86
		{3AE9F2F6-1ACD-43A2-A828-FC1FDE121929}.Debug|Any CPU.ActiveCfg = Debug|Any CPU
		{3AE9F2F6-1ACD-43A2-A828-FC1FDE121929}.Debug|Any CPU.Build.0 = Debug|Any CPU
		{3AE9F2F6-1ACD-43A2-A828-FC1FDE121929}.Debug|x64.ActiveCfg = Debug|x64
		{3AE9F2F6-1ACD-43A2-A828-FC1FDE121929}.Debug|x64.Build.0 = Debug|x64
		{3AE9F2F6-1ACD-43A2-A828-FC1FDE121929}.Debug|x86.ActiveCfg = Debug|x86
		{3AE9F2F6-1ACD-43A2-A828-FC1FDE121929}.Debug|x86.Build.0 = Debug|x86
		{3AE9F2F6-1ACD-43A2-A828-FC1FDE121929}.Release|Any CPU.ActiveCfg = Release|Any CPU
		{3AE9F2F6-1ACD-43A2-A828-FC1FDE121929}.Release|Any CPU.Build.0 = Release|Any CPU
		{3AE9F2F6-1ACD-43A2-A828-FC1FDE121929}.Release|x64.ActiveCfg = Release|x64
		{3AE9F2F6-1ACD-43A2-A828-FC1FDE121929}.Release|x64.Build.0 = Release|x64
		{3AE9F2F6-1ACD-43A2-A828-FC1FDE121929}.Release|x86.ActiveCfg = Release|x86
		{3AE9F2F6-1ACD-43A2-A828-FC1FDE121929}.Release|x86.Build.0 = Release|x86
		{A6579DEB-3F2E-4A85-A956-FE83EA79EB6A}.Debug|Any CPU.ActiveCfg = Debug|Any CPU
		{A6579DEB-3F2E-4A85-A956-FE83EA79EB6A}.Debug|Any CPU.Build.0 = Debug|Any CPU
		{A6579DEB-3F2E-4A85-A956-FE83EA79EB6A}.Debug|x64.ActiveCfg = Debug|x64
		{A6579DEB-3F2E-4A85-A956-FE83EA79EB6A}.Debug|x64.Build.0 = Debug|x64
		{A6579DEB-3F2E-4A85-A956-FE83EA79EB6A}.Debug|x86.ActiveCfg = Debug|x86
		{A6579DEB-3F2E-4A85-A956-FE83EA79EB6A}.Debug|x86.Build.0 = Debug|x86
		{A6579DEB-3F2E-4A85-A956-FE83EA79EB6A}.Release|Any CPU.ActiveCfg = Release|Any CPU
		{A6579DEB-3F2E-4A85-A956-FE83EA79EB6A}.Release|Any CPU.Build.0 = Release|Any CPU
		{A6579DEB-3F2E-4A85-A956-FE83EA79EB6A}.Release|x64.ActiveCfg = Release|x64
		{A6579DEB-3F2E-4A85-A956-FE83EA79EB6A}.Release|x64.Build.0 = Release|x64
		{A6579DEB-3F2E-4A85-A956-FE83EA79EB6A}.Release|x86.ActiveCfg = Release|x86
		{A6579DEB-3F2E-4A85-A956-FE83EA79EB6A}.Release|x86.Build.0 = Release|x86
		{6876936F-5FE1-49F0-96EE-5308185786D9}.Debug|Any CPU.ActiveCfg = Debug|Any CPU
		{6876936F-5FE1-49F0-96EE-5308185786D9}.Debug|Any CPU.Build.0 = Debug|Any CPU
		{6876936F-5FE1-49F0-96EE-5308185786D9}.Debug|x64.ActiveCfg = Debug|x64
		{6876936F-5FE1-49F0-96EE-5308185786D9}.Debug|x64.Build.0 = Debug|x64
		{6876936F-5FE1-49F0-96EE-5308185786D9}.Debug|x86.ActiveCfg = Debug|x86
		{6876936F-5FE1-49F0-96EE-5308185786D9}.Debug|x86.Build.0 = Debug|x86
		{6876936F-5FE1-49F0-96EE-5308185786D9}.Release|Any CPU.ActiveCfg = Release|Any CPU
		{6876936F-5FE1-49F0-96EE-5308185786D9}.Release|Any CPU.Build.0 = Release|Any CPU
		{6876936F-5FE1-49F0-96EE-5308185786D9}.Release|x64.ActiveCfg = Release|x64
		{6876936F-5FE1-49F0-96EE-5308185786D9}.Release|x64.Build.0 = Release|x64
		{6876936F-5FE1-49F0-96EE-5308185786D9}.Release|x86.ActiveCfg = Release|x86
		{6876936F-5FE1-49F0-96EE-5308185786D9}.Release|x86.Build.0 = Release|x86
	EndGlobalSection
EndGlobal
