
Microsoft Visual Studio Solution File, Format Version 12.00
# Visual Studio 15
VisualStudioVersion = 15.0.26124.0
MinimumVisualStudioVersion = 15.0.26124.0
Project("{FAE04EC0-301F-11D3-BF4B-00C04F79EFBC}") = "Aws.Cdk", "Aws.Cdk\Aws.Cdk.csproj", "{F029D9DB-2F76-4D0F-AE7F-5D94318E65DA}"
EndProject
Project("{FAE04EC0-301F-11D3-BF4B-00C04F79EFBC}") = "Aws.Cdk.Acm", "Aws.Cdk.Acm\Aws.Cdk.Acm.csproj", "{4297928F-F823-44BA-9B6D-BA45EC030F9E}"
EndProject
Project("{FAE04EC0-301F-11D3-BF4B-00C04F79EFBC}") = "Aws.Cdk.CloudFront", "Aws.Cdk.CloudFront\Aws.Cdk.CloudFront.csproj", "{45536322-42EF-4DF8-8144-A1AD97ED1A17}"
EndProject
Project("{FAE04EC0-301F-11D3-BF4B-00C04F79EFBC}") = "Aws.Cdk.CloudTrail", "Aws.Cdk.CloudTrail\Aws.Cdk.CloudTrail.csproj", "{D96D93C4-8F96-48B9-B29A-B3FACDDEE974}"
EndProject
Project("{FAE04EC0-301F-11D3-BF4B-00C04F79EFBC}") = "Aws.Cdk.CodeBuild", "Aws.Cdk.CodeBuild\Aws.Cdk.CodeBuild.csproj", "{9108E070-0FDC-4681-8AF3-ECC50C57CF13}"
EndProject
Project("{FAE04EC0-301F-11D3-BF4B-00C04F79EFBC}") = "Aws.Cdk.CodeCommit", "Aws.Cdk.CodeCommit\Aws.Cdk.CodeCommit.csproj", "{DA03B829-0F0F-4BAC-8823-639898FF027C}"
EndProject
Project("{FAE04EC0-301F-11D3-BF4B-00C04F79EFBC}") = "Aws.Cdk.CodePipeline", "Aws.Cdk.CodePipeline\Aws.Cdk.CodePipeline.csproj", "{87F25560-D52C-44FE-BD23-58561BA3B606}"
EndProject
Project("{FAE04EC0-301F-11D3-BF4B-00C04F79EFBC}") = "Aws.Cdk.CustomResources", "Aws.Cdk.CustomResources\Aws.Cdk.CustomResources.csproj", "{129737B1-CA41-420F-A4B9-9D322CAD8046}"
EndProject
Project("{FAE04EC0-301F-11D3-BF4B-00C04F79EFBC}") = "Aws.Cdk.CxApi", "Aws.Cdk.CxApi\Aws.Cdk.CxApi.csproj", "{22A3CF4A-94AA-4FBB-A261-58725D781C3B}"
EndProject
Project("{FAE04EC0-301F-11D3-BF4B-00C04F79EFBC}") = "Aws.Cdk.DynamoDb", "Aws.Cdk.DynamoDb\Aws.Cdk.DynamoDb.csproj", "{F5808ECD-DA01-4800-AAE4-4D952C52A3F9}"
EndProject
Project("{FAE04EC0-301F-11D3-BF4B-00C04F79EFBC}") = "Aws.Cdk.Ec2", "Aws.Cdk.Ec2\Aws.Cdk.Ec2.csproj", "{CBBF9558-32F8-49DC-84D9-980C320AD1EB}"
EndProject
Project("{FAE04EC0-301F-11D3-BF4B-00C04F79EFBC}") = "Aws.Cdk.Events", "Aws.Cdk.Events\Aws.Cdk.Events.csproj", "{ECF23C16-5EAC-429F-A963-860356584127}"
EndProject
Project("{FAE04EC0-301F-11D3-BF4B-00C04F79EFBC}") = "Aws.Cdk.Iam", "Aws.Cdk.Iam\Aws.Cdk.Iam.csproj", "{0A0AB401-7A39-4DB6-B198-FB6AA3257520}"
EndProject
Project("{FAE04EC0-301F-11D3-BF4B-00C04F79EFBC}") = "Aws.Cdk.Kinesis", "Aws.Cdk.Kinesis\Aws.Cdk.Kinesis.csproj", "{DBE6E405-C9F3-4A6C-A685-6A6613EC5E76}"
EndProject
Project("{FAE04EC0-301F-11D3-BF4B-00C04F79EFBC}") = "Aws.Cdk.Kms", "Aws.Cdk.Kms\Aws.Cdk.Kms.csproj", "{F5C9BE04-F716-4CC4-852D-9E7F85C714B2}"
EndProject
Project("{FAE04EC0-301F-11D3-BF4B-00C04F79EFBC}") = "Aws.Cdk.Lambda", "Aws.Cdk.Lambda\Aws.Cdk.Lambda.csproj", "{25DD116B-7777-4414-8B87-8D1794B63E53}"
EndProject
Project("{FAE04EC0-301F-11D3-BF4B-00C04F79EFBC}") = "Aws.Cdk.Neptune", "Aws.Cdk.Neptune\Aws.Cdk.Neptune.csproj", "{7624E33B-5E96-4089-985F-2EA37158C471}"
EndProject
Project("{FAE04EC0-301F-11D3-BF4B-00C04F79EFBC}") = "Aws.Cdk.QuickStarts", "Aws.Cdk.QuickStarts\Aws.Cdk.QuickStarts.csproj", "{2D4E7A7E-42F7-4442-A42A-296E786C3CB5}"
EndProject
Project("{FAE04EC0-301F-11D3-BF4B-00C04F79EFBC}") = "Aws.Cdk.Rds", "Aws.Cdk.Rds\Aws.Cdk.Rds.csproj", "{21FC603C-6D7C-4C88-A639-1FD046D87037}"
EndProject
Project("{FAE04EC0-301F-11D3-BF4B-00C04F79EFBC}") = "Aws.Cdk.Resources", "Aws.Cdk.Resources\Aws.Cdk.Resources.csproj", "{79949F9D-41B3-44C7-9ABB-B7F613590911}"
EndProject
Project("{FAE04EC0-301F-11D3-BF4B-00C04F79EFBC}") = "Aws.Cdk.Route53", "Aws.Cdk.Route53\Aws.Cdk.Route53.csproj", "{85386276-5B8C-469F-B1F7-EC9940F023C1}"
EndProject
Project("{FAE04EC0-301F-11D3-BF4B-00C04F79EFBC}") = "Aws.Cdk.Rtv", "Aws.Cdk.Rtv\Aws.Cdk.Rtv.csproj", "{43E89A23-15CF-4ECE-90EA-CDF0515E579A}"
EndProject
Project("{FAE04EC0-301F-11D3-BF4B-00C04F79EFBC}") = "Aws.Cdk.S3", "Aws.Cdk.S3\Aws.Cdk.S3.csproj", "{FC72B10B-B004-416C-82B3-4B9AD9555B81}"
EndProject
Project("{FAE04EC0-301F-11D3-BF4B-00C04F79EFBC}") = "Aws.Cdk.Sns", "Aws.Cdk.Sns\Aws.Cdk.Sns.csproj", "{7BEC558A-2D95-45BC-A92C-DC15FCF7E0B7}"
EndProject
Project("{FAE04EC0-301F-11D3-BF4B-00C04F79EFBC}") = "Aws.Cdk.Sqs", "Aws.Cdk.Sqs\Aws.Cdk.Sqs.csproj", "{28B8F50F-F8C0-4827-B02E-F5E4F80EA333}"
EndProject
Global
	GlobalSection(SolutionConfigurationPlatforms) = preSolution
		Debug|Any CPU = Debug|Any CPU
		Debug|x64 = Debug|x64
		Debug|x86 = Debug|x86
		Release|Any CPU = Release|Any CPU
		Release|x64 = Release|x64
		Release|x86 = Release|x86
	EndGlobalSection
	GlobalSection(SolutionProperties) = preSolution
		HideSolutionNode = FALSE
	EndGlobalSection
	GlobalSection(ProjectConfigurationPlatforms) = postSolution
		{F029D9DB-2F76-4D0F-AE7F-5D94318E65DA}.Debug|Any CPU.ActiveCfg = Debug|Any CPU
		{F029D9DB-2F76-4D0F-AE7F-5D94318E65DA}.Debug|Any CPU.Build.0 = Debug|Any CPU
		{F029D9DB-2F76-4D0F-AE7F-5D94318E65DA}.Debug|x64.ActiveCfg = Debug|x64
		{F029D9DB-2F76-4D0F-AE7F-5D94318E65DA}.Debug|x64.Build.0 = Debug|x64
		{F029D9DB-2F76-4D0F-AE7F-5D94318E65DA}.Debug|x86.ActiveCfg = Debug|x86
		{F029D9DB-2F76-4D0F-AE7F-5D94318E65DA}.Debug|x86.Build.0 = Debug|x86
		{F029D9DB-2F76-4D0F-AE7F-5D94318E65DA}.Release|Any CPU.ActiveCfg = Release|Any CPU
		{F029D9DB-2F76-4D0F-AE7F-5D94318E65DA}.Release|Any CPU.Build.0 = Release|Any CPU
		{F029D9DB-2F76-4D0F-AE7F-5D94318E65DA}.Release|x64.ActiveCfg = Release|x64
		{F029D9DB-2F76-4D0F-AE7F-5D94318E65DA}.Release|x64.Build.0 = Release|x64
		{F029D9DB-2F76-4D0F-AE7F-5D94318E65DA}.Release|x86.ActiveCfg = Release|x86
		{F029D9DB-2F76-4D0F-AE7F-5D94318E65DA}.Release|x86.Build.0 = Release|x86
		{4297928F-F823-44BA-9B6D-BA45EC030F9E}.Debug|Any CPU.ActiveCfg = Debug|Any CPU
		{4297928F-F823-44BA-9B6D-BA45EC030F9E}.Debug|Any CPU.Build.0 = Debug|Any CPU
		{4297928F-F823-44BA-9B6D-BA45EC030F9E}.Debug|x64.ActiveCfg = Debug|x64
		{4297928F-F823-44BA-9B6D-BA45EC030F9E}.Debug|x64.Build.0 = Debug|x64
		{4297928F-F823-44BA-9B6D-BA45EC030F9E}.Debug|x86.ActiveCfg = Debug|x86
		{4297928F-F823-44BA-9B6D-BA45EC030F9E}.Debug|x86.Build.0 = Debug|x86
		{4297928F-F823-44BA-9B6D-BA45EC030F9E}.Release|Any CPU.ActiveCfg = Release|Any CPU
		{4297928F-F823-44BA-9B6D-BA45EC030F9E}.Release|Any CPU.Build.0 = Release|Any CPU
		{4297928F-F823-44BA-9B6D-BA45EC030F9E}.Release|x64.ActiveCfg = Release|x64
		{4297928F-F823-44BA-9B6D-BA45EC030F9E}.Release|x64.Build.0 = Release|x64
		{4297928F-F823-44BA-9B6D-BA45EC030F9E}.Release|x86.ActiveCfg = Release|x86
		{4297928F-F823-44BA-9B6D-BA45EC030F9E}.Release|x86.Build.0 = Release|x86
		{45536322-42EF-4DF8-8144-A1AD97ED1A17}.Debug|Any CPU.ActiveCfg = Debug|Any CPU
		{45536322-42EF-4DF8-8144-A1AD97ED1A17}.Debug|Any CPU.Build.0 = Debug|Any CPU
		{45536322-42EF-4DF8-8144-A1AD97ED1A17}.Debug|x64.ActiveCfg = Debug|x64
		{45536322-42EF-4DF8-8144-A1AD97ED1A17}.Debug|x64.Build.0 = Debug|x64
		{45536322-42EF-4DF8-8144-A1AD97ED1A17}.Debug|x86.ActiveCfg = Debug|x86
		{45536322-42EF-4DF8-8144-A1AD97ED1A17}.Debug|x86.Build.0 = Debug|x86
		{45536322-42EF-4DF8-8144-A1AD97ED1A17}.Release|Any CPU.ActiveCfg = Release|Any CPU
		{45536322-42EF-4DF8-8144-A1AD97ED1A17}.Release|Any CPU.Build.0 = Release|Any CPU
		{45536322-42EF-4DF8-8144-A1AD97ED1A17}.Release|x64.ActiveCfg = Release|x64
		{45536322-42EF-4DF8-8144-A1AD97ED1A17}.Release|x64.Build.0 = Release|x64
		{45536322-42EF-4DF8-8144-A1AD97ED1A17}.Release|x86.ActiveCfg = Release|x86
		{45536322-42EF-4DF8-8144-A1AD97ED1A17}.Release|x86.Build.0 = Release|x86
		{D96D93C4-8F96-48B9-B29A-B3FACDDEE974}.Debug|Any CPU.ActiveCfg = Debug|Any CPU
		{D96D93C4-8F96-48B9-B29A-B3FACDDEE974}.Debug|Any CPU.Build.0 = Debug|Any CPU
		{D96D93C4-8F96-48B9-B29A-B3FACDDEE974}.Debug|x64.ActiveCfg = Debug|x64
		{D96D93C4-8F96-48B9-B29A-B3FACDDEE974}.Debug|x64.Build.0 = Debug|x64
		{D96D93C4-8F96-48B9-B29A-B3FACDDEE974}.Debug|x86.ActiveCfg = Debug|x86
		{D96D93C4-8F96-48B9-B29A-B3FACDDEE974}.Debug|x86.Build.0 = Debug|x86
		{D96D93C4-8F96-48B9-B29A-B3FACDDEE974}.Release|Any CPU.ActiveCfg = Release|Any CPU
		{D96D93C4-8F96-48B9-B29A-B3FACDDEE974}.Release|Any CPU.Build.0 = Release|Any CPU
		{D96D93C4-8F96-48B9-B29A-B3FACDDEE974}.Release|x64.ActiveCfg = Release|x64
		{D96D93C4-8F96-48B9-B29A-B3FACDDEE974}.Release|x64.Build.0 = Release|x64
		{D96D93C4-8F96-48B9-B29A-B3FACDDEE974}.Release|x86.ActiveCfg = Release|x86
		{D96D93C4-8F96-48B9-B29A-B3FACDDEE974}.Release|x86.Build.0 = Release|x86
		{9108E070-0FDC-4681-8AF3-ECC50C57CF13}.Debug|Any CPU.ActiveCfg = Debug|Any CPU
		{9108E070-0FDC-4681-8AF3-ECC50C57CF13}.Debug|Any CPU.Build.0 = Debug|Any CPU
		{9108E070-0FDC-4681-8AF3-ECC50C57CF13}.Debug|x64.ActiveCfg = Debug|x64
		{9108E070-0FDC-4681-8AF3-ECC50C57CF13}.Debug|x64.Build.0 = Debug|x64
		{9108E070-0FDC-4681-8AF3-ECC50C57CF13}.Debug|x86.ActiveCfg = Debug|x86
		{9108E070-0FDC-4681-8AF3-ECC50C57CF13}.Debug|x86.Build.0 = Debug|x86
		{9108E070-0FDC-4681-8AF3-ECC50C57CF13}.Release|Any CPU.ActiveCfg = Release|Any CPU
		{9108E070-0FDC-4681-8AF3-ECC50C57CF13}.Release|Any CPU.Build.0 = Release|Any CPU
		{9108E070-0FDC-4681-8AF3-ECC50C57CF13}.Release|x64.ActiveCfg = Release|x64
		{9108E070-0FDC-4681-8AF3-ECC50C57CF13}.Release|x64.Build.0 = Release|x64
		{9108E070-0FDC-4681-8AF3-ECC50C57CF13}.Release|x86.ActiveCfg = Release|x86
		{9108E070-0FDC-4681-8AF3-ECC50C57CF13}.Release|x86.Build.0 = Release|x86
		{DA03B829-0F0F-4BAC-8823-639898FF027C}.Debug|Any CPU.ActiveCfg = Debug|Any CPU
		{DA03B829-0F0F-4BAC-8823-639898FF027C}.Debug|Any CPU.Build.0 = Debug|Any CPU
		{DA03B829-0F0F-4BAC-8823-639898FF027C}.Debug|x64.ActiveCfg = Debug|x64
		{DA03B829-0F0F-4BAC-8823-639898FF027C}.Debug|x64.Build.0 = Debug|x64
		{DA03B829-0F0F-4BAC-8823-639898FF027C}.Debug|x86.ActiveCfg = Debug|x86
		{DA03B829-0F0F-4BAC-8823-639898FF027C}.Debug|x86.Build.0 = Debug|x86
		{DA03B829-0F0F-4BAC-8823-639898FF027C}.Release|Any CPU.ActiveCfg = Release|Any CPU
		{DA03B829-0F0F-4BAC-8823-639898FF027C}.Release|Any CPU.Build.0 = Release|Any CPU
		{DA03B829-0F0F-4BAC-8823-639898FF027C}.Release|x64.ActiveCfg = Release|x64
		{DA03B829-0F0F-4BAC-8823-639898FF027C}.Release|x64.Build.0 = Release|x64
		{DA03B829-0F0F-4BAC-8823-639898FF027C}.Release|x86.ActiveCfg = Release|x86
		{DA03B829-0F0F-4BAC-8823-639898FF027C}.Release|x86.Build.0 = Release|x86
		{87F25560-D52C-44FE-BD23-58561BA3B606}.Debug|Any CPU.ActiveCfg = Debug|Any CPU
		{87F25560-D52C-44FE-BD23-58561BA3B606}.Debug|Any CPU.Build.0 = Debug|Any CPU
		{87F25560-D52C-44FE-BD23-58561BA3B606}.Debug|x64.ActiveCfg = Debug|x64
		{87F25560-D52C-44FE-BD23-58561BA3B606}.Debug|x64.Build.0 = Debug|x64
		{87F25560-D52C-44FE-BD23-58561BA3B606}.Debug|x86.ActiveCfg = Debug|x86
		{87F25560-D52C-44FE-BD23-58561BA3B606}.Debug|x86.Build.0 = Debug|x86
		{87F25560-D52C-44FE-BD23-58561BA3B606}.Release|Any CPU.ActiveCfg = Release|Any CPU
		{87F25560-D52C-44FE-BD23-58561BA3B606}.Release|Any CPU.Build.0 = Release|Any CPU
		{87F25560-D52C-44FE-BD23-58561BA3B606}.Release|x64.ActiveCfg = Release|x64
		{87F25560-D52C-44FE-BD23-58561BA3B606}.Release|x64.Build.0 = Release|x64
		{87F25560-D52C-44FE-BD23-58561BA3B606}.Release|x86.ActiveCfg = Release|x86
		{87F25560-D52C-44FE-BD23-58561BA3B606}.Release|x86.Build.0 = Release|x86
		{129737B1-CA41-420F-A4B9-9D322CAD8046}.Debug|Any CPU.ActiveCfg = Debug|Any CPU
		{129737B1-CA41-420F-A4B9-9D322CAD8046}.Debug|Any CPU.Build.0 = Debug|Any CPU
		{129737B1-CA41-420F-A4B9-9D322CAD8046}.Debug|x64.ActiveCfg = Debug|x64
		{129737B1-CA41-420F-A4B9-9D322CAD8046}.Debug|x64.Build.0 = Debug|x64
		{129737B1-CA41-420F-A4B9-9D322CAD8046}.Debug|x86.ActiveCfg = Debug|x86
		{129737B1-CA41-420F-A4B9-9D322CAD8046}.Debug|x86.Build.0 = Debug|x86
		{129737B1-CA41-420F-A4B9-9D322CAD8046}.Release|Any CPU.ActiveCfg = Release|Any CPU
		{129737B1-CA41-420F-A4B9-9D322CAD8046}.Release|Any CPU.Build.0 = Release|Any CPU
		{129737B1-CA41-420F-A4B9-9D322CAD8046}.Release|x64.ActiveCfg = Release|x64
		{129737B1-CA41-420F-A4B9-9D322CAD8046}.Release|x64.Build.0 = Release|x64
		{129737B1-CA41-420F-A4B9-9D322CAD8046}.Release|x86.ActiveCfg = Release|x86
		{129737B1-CA41-420F-A4B9-9D322CAD8046}.Release|x86.Build.0 = Release|x86
		{22A3CF4A-94AA-4FBB-A261-58725D781C3B}.Debug|Any CPU.ActiveCfg = Debug|Any CPU
		{22A3CF4A-94AA-4FBB-A261-58725D781C3B}.Debug|Any CPU.Build.0 = Debug|Any CPU
		{22A3CF4A-94AA-4FBB-A261-58725D781C3B}.Debug|x64.ActiveCfg = Debug|x64
		{22A3CF4A-94AA-4FBB-A261-58725D781C3B}.Debug|x64.Build.0 = Debug|x64
		{22A3CF4A-94AA-4FBB-A261-58725D781C3B}.Debug|x86.ActiveCfg = Debug|x86
		{22A3CF4A-94AA-4FBB-A261-58725D781C3B}.Debug|x86.Build.0 = Debug|x86
		{22A3CF4A-94AA-4FBB-A261-58725D781C3B}.Release|Any CPU.ActiveCfg = Release|Any CPU
		{22A3CF4A-94AA-4FBB-A261-58725D781C3B}.Release|Any CPU.Build.0 = Release|Any CPU
		{22A3CF4A-94AA-4FBB-A261-58725D781C3B}.Release|x64.ActiveCfg = Release|x64
		{22A3CF4A-94AA-4FBB-A261-58725D781C3B}.Release|x64.Build.0 = Release|x64
		{22A3CF4A-94AA-4FBB-A261-58725D781C3B}.Release|x86.ActiveCfg = Release|x86
		{22A3CF4A-94AA-4FBB-A261-58725D781C3B}.Release|x86.Build.0 = Release|x86
		{F5808ECD-DA01-4800-AAE4-4D952C52A3F9}.Debug|Any CPU.ActiveCfg = Debug|Any CPU
		{F5808ECD-DA01-4800-AAE4-4D952C52A3F9}.Debug|Any CPU.Build.0 = Debug|Any CPU
		{F5808ECD-DA01-4800-AAE4-4D952C52A3F9}.Debug|x64.ActiveCfg = Debug|x64
		{F5808ECD-DA01-4800-AAE4-4D952C52A3F9}.Debug|x64.Build.0 = Debug|x64
		{F5808ECD-DA01-4800-AAE4-4D952C52A3F9}.Debug|x86.ActiveCfg = Debug|x86
		{F5808ECD-DA01-4800-AAE4-4D952C52A3F9}.Debug|x86.Build.0 = Debug|x86
		{F5808ECD-DA01-4800-AAE4-4D952C52A3F9}.Release|Any CPU.ActiveCfg = Release|Any CPU
		{F5808ECD-DA01-4800-AAE4-4D952C52A3F9}.Release|Any CPU.Build.0 = Release|Any CPU
		{F5808ECD-DA01-4800-AAE4-4D952C52A3F9}.Release|x64.ActiveCfg = Release|x64
		{F5808ECD-DA01-4800-AAE4-4D952C52A3F9}.Release|x64.Build.0 = Release|x64
		{F5808ECD-DA01-4800-AAE4-4D952C52A3F9}.Release|x86.ActiveCfg = Release|x86
		{F5808ECD-DA01-4800-AAE4-4D952C52A3F9}.Release|x86.Build.0 = Release|x86
		{CBBF9558-32F8-49DC-84D9-980C320AD1EB}.Debug|Any CPU.ActiveCfg = Debug|Any CPU
		{CBBF9558-32F8-49DC-84D9-980C320AD1EB}.Debug|Any CPU.Build.0 = Debug|Any CPU
		{CBBF9558-32F8-49DC-84D9-980C320AD1EB}.Debug|x64.ActiveCfg = Debug|x64
		{CBBF9558-32F8-49DC-84D9-980C320AD1EB}.Debug|x64.Build.0 = Debug|x64
		{CBBF9558-32F8-49DC-84D9-980C320AD1EB}.Debug|x86.ActiveCfg = Debug|x86
		{CBBF9558-32F8-49DC-84D9-980C320AD1EB}.Debug|x86.Build.0 = Debug|x86
		{CBBF9558-32F8-49DC-84D9-980C320AD1EB}.Release|Any CPU.ActiveCfg = Release|Any CPU
		{CBBF9558-32F8-49DC-84D9-980C320AD1EB}.Release|Any CPU.Build.0 = Release|Any CPU
		{CBBF9558-32F8-49DC-84D9-980C320AD1EB}.Release|x64.ActiveCfg = Release|x64
		{CBBF9558-32F8-49DC-84D9-980C320AD1EB}.Release|x64.Build.0 = Release|x64
		{CBBF9558-32F8-49DC-84D9-980C320AD1EB}.Release|x86.ActiveCfg = Release|x86
		{CBBF9558-32F8-49DC-84D9-980C320AD1EB}.Release|x86.Build.0 = Release|x86
		{ECF23C16-5EAC-429F-A963-860356584127}.Debug|Any CPU.ActiveCfg = Debug|Any CPU
		{ECF23C16-5EAC-429F-A963-860356584127}.Debug|Any CPU.Build.0 = Debug|Any CPU
		{ECF23C16-5EAC-429F-A963-860356584127}.Debug|x64.ActiveCfg = Debug|x64
		{ECF23C16-5EAC-429F-A963-860356584127}.Debug|x64.Build.0 = Debug|x64
		{ECF23C16-5EAC-429F-A963-860356584127}.Debug|x86.ActiveCfg = Debug|x86
		{ECF23C16-5EAC-429F-A963-860356584127}.Debug|x86.Build.0 = Debug|x86
		{ECF23C16-5EAC-429F-A963-860356584127}.Release|Any CPU.ActiveCfg = Release|Any CPU
		{ECF23C16-5EAC-429F-A963-860356584127}.Release|Any CPU.Build.0 = Release|Any CPU
		{ECF23C16-5EAC-429F-A963-860356584127}.Release|x64.ActiveCfg = Release|x64
		{ECF23C16-5EAC-429F-A963-860356584127}.Release|x64.Build.0 = Release|x64
		{ECF23C16-5EAC-429F-A963-860356584127}.Release|x86.ActiveCfg = Release|x86
		{ECF23C16-5EAC-429F-A963-860356584127}.Release|x86.Build.0 = Release|x86
		{0A0AB401-7A39-4DB6-B198-FB6AA3257520}.Debug|Any CPU.ActiveCfg = Debug|Any CPU
		{0A0AB401-7A39-4DB6-B198-FB6AA3257520}.Debug|Any CPU.Build.0 = Debug|Any CPU
		{0A0AB401-7A39-4DB6-B198-FB6AA3257520}.Debug|x64.ActiveCfg = Debug|x64
		{0A0AB401-7A39-4DB6-B198-FB6AA3257520}.Debug|x64.Build.0 = Debug|x64
		{0A0AB401-7A39-4DB6-B198-FB6AA3257520}.Debug|x86.ActiveCfg = Debug|x86
		{0A0AB401-7A39-4DB6-B198-FB6AA3257520}.Debug|x86.Build.0 = Debug|x86
		{0A0AB401-7A39-4DB6-B198-FB6AA3257520}.Release|Any CPU.ActiveCfg = Release|Any CPU
		{0A0AB401-7A39-4DB6-B198-FB6AA3257520}.Release|Any CPU.Build.0 = Release|Any CPU
		{0A0AB401-7A39-4DB6-B198-FB6AA3257520}.Release|x64.ActiveCfg = Release|x64
		{0A0AB401-7A39-4DB6-B198-FB6AA3257520}.Release|x64.Build.0 = Release|x64
		{0A0AB401-7A39-4DB6-B198-FB6AA3257520}.Release|x86.ActiveCfg = Release|x86
		{0A0AB401-7A39-4DB6-B198-FB6AA3257520}.Release|x86.Build.0 = Release|x86
		{DBE6E405-C9F3-4A6C-A685-6A6613EC5E76}.Debug|Any CPU.ActiveCfg = Debug|Any CPU
		{DBE6E405-C9F3-4A6C-A685-6A6613EC5E76}.Debug|Any CPU.Build.0 = Debug|Any CPU
		{DBE6E405-C9F3-4A6C-A685-6A6613EC5E76}.Debug|x64.ActiveCfg = Debug|x64
		{DBE6E405-C9F3-4A6C-A685-6A6613EC5E76}.Debug|x64.Build.0 = Debug|x64
		{DBE6E405-C9F3-4A6C-A685-6A6613EC5E76}.Debug|x86.ActiveCfg = Debug|x86
		{DBE6E405-C9F3-4A6C-A685-6A6613EC5E76}.Debug|x86.Build.0 = Debug|x86
		{DBE6E405-C9F3-4A6C-A685-6A6613EC5E76}.Release|Any CPU.ActiveCfg = Release|Any CPU
		{DBE6E405-C9F3-4A6C-A685-6A6613EC5E76}.Release|Any CPU.Build.0 = Release|Any CPU
		{DBE6E405-C9F3-4A6C-A685-6A6613EC5E76}.Release|x64.ActiveCfg = Release|x64
		{DBE6E405-C9F3-4A6C-A685-6A6613EC5E76}.Release|x64.Build.0 = Release|x64
		{DBE6E405-C9F3-4A6C-A685-6A6613EC5E76}.Release|x86.ActiveCfg = Release|x86
		{DBE6E405-C9F3-4A6C-A685-6A6613EC5E76}.Release|x86.Build.0 = Release|x86
		{F5C9BE04-F716-4CC4-852D-9E7F85C714B2}.Debug|Any CPU.ActiveCfg = Debug|Any CPU
		{F5C9BE04-F716-4CC4-852D-9E7F85C714B2}.Debug|Any CPU.Build.0 = Debug|Any CPU
		{F5C9BE04-F716-4CC4-852D-9E7F85C714B2}.Debug|x64.ActiveCfg = Debug|x64
		{F5C9BE04-F716-4CC4-852D-9E7F85C714B2}.Debug|x64.Build.0 = Debug|x64
		{F5C9BE04-F716-4CC4-852D-9E7F85C714B2}.Debug|x86.ActiveCfg = Debug|x86
		{F5C9BE04-F716-4CC4-852D-9E7F85C714B2}.Debug|x86.Build.0 = Debug|x86
		{F5C9BE04-F716-4CC4-852D-9E7F85C714B2}.Release|Any CPU.ActiveCfg = Release|Any CPU
		{F5C9BE04-F716-4CC4-852D-9E7F85C714B2}.Release|Any CPU.Build.0 = Release|Any CPU
		{F5C9BE04-F716-4CC4-852D-9E7F85C714B2}.Release|x64.ActiveCfg = Release|x64
		{F5C9BE04-F716-4CC4-852D-9E7F85C714B2}.Release|x64.Build.0 = Release|x64
		{F5C9BE04-F716-4CC4-852D-9E7F85C714B2}.Release|x86.ActiveCfg = Release|x86
		{F5C9BE04-F716-4CC4-852D-9E7F85C714B2}.Release|x86.Build.0 = Release|x86
		{25DD116B-7777-4414-8B87-8D1794B63E53}.Debug|Any CPU.ActiveCfg = Debug|Any CPU
		{25DD116B-7777-4414-8B87-8D1794B63E53}.Debug|Any CPU.Build.0 = Debug|Any CPU
		{25DD116B-7777-4414-8B87-8D1794B63E53}.Debug|x64.ActiveCfg = Debug|x64
		{25DD116B-7777-4414-8B87-8D1794B63E53}.Debug|x64.Build.0 = Debug|x64
		{25DD116B-7777-4414-8B87-8D1794B63E53}.Debug|x86.ActiveCfg = Debug|x86
		{25DD116B-7777-4414-8B87-8D1794B63E53}.Debug|x86.Build.0 = Debug|x86
		{25DD116B-7777-4414-8B87-8D1794B63E53}.Release|Any CPU.ActiveCfg = Release|Any CPU
		{25DD116B-7777-4414-8B87-8D1794B63E53}.Release|Any CPU.Build.0 = Release|Any CPU
		{25DD116B-7777-4414-8B87-8D1794B63E53}.Release|x64.ActiveCfg = Release|x64
		{25DD116B-7777-4414-8B87-8D1794B63E53}.Release|x64.Build.0 = Release|x64
		{25DD116B-7777-4414-8B87-8D1794B63E53}.Release|x86.ActiveCfg = Release|x86
		{25DD116B-7777-4414-8B87-8D1794B63E53}.Release|x86.Build.0 = Release|x86
		{7624E33B-5E96-4089-985F-2EA37158C471}.Debug|Any CPU.ActiveCfg = Debug|Any CPU
		{7624E33B-5E96-4089-985F-2EA37158C471}.Debug|Any CPU.Build.0 = Debug|Any CPU
		{7624E33B-5E96-4089-985F-2EA37158C471}.Debug|x64.ActiveCfg = Debug|x64
		{7624E33B-5E96-4089-985F-2EA37158C471}.Debug|x64.Build.0 = Debug|x64
		{7624E33B-5E96-4089-985F-2EA37158C471}.Debug|x86.ActiveCfg = Debug|x86
		{7624E33B-5E96-4089-985F-2EA37158C471}.Debug|x86.Build.0 = Debug|x86
		{7624E33B-5E96-4089-985F-2EA37158C471}.Release|Any CPU.ActiveCfg = Release|Any CPU
		{7624E33B-5E96-4089-985F-2EA37158C471}.Release|Any CPU.Build.0 = Release|Any CPU
		{7624E33B-5E96-4089-985F-2EA37158C471}.Release|x64.ActiveCfg = Release|x64
		{7624E33B-5E96-4089-985F-2EA37158C471}.Release|x64.Build.0 = Release|x64
		{7624E33B-5E96-4089-985F-2EA37158C471}.Release|x86.ActiveCfg = Release|x86
		{7624E33B-5E96-4089-985F-2EA37158C471}.Release|x86.Build.0 = Release|x86
		{2D4E7A7E-42F7-4442-A42A-296E786C3CB5}.Debug|Any CPU.ActiveCfg = Debug|Any CPU
		{2D4E7A7E-42F7-4442-A42A-296E786C3CB5}.Debug|Any CPU.Build.0 = Debug|Any CPU
		{2D4E7A7E-42F7-4442-A42A-296E786C3CB5}.Debug|x64.ActiveCfg = Debug|x64
		{2D4E7A7E-42F7-4442-A42A-296E786C3CB5}.Debug|x64.Build.0 = Debug|x64
		{2D4E7A7E-42F7-4442-A42A-296E786C3CB5}.Debug|x86.ActiveCfg = Debug|x86
		{2D4E7A7E-42F7-4442-A42A-296E786C3CB5}.Debug|x86.Build.0 = Debug|x86
		{2D4E7A7E-42F7-4442-A42A-296E786C3CB5}.Release|Any CPU.ActiveCfg = Release|Any CPU
		{2D4E7A7E-42F7-4442-A42A-296E786C3CB5}.Release|Any CPU.Build.0 = Release|Any CPU
		{2D4E7A7E-42F7-4442-A42A-296E786C3CB5}.Release|x64.ActiveCfg = Release|x64
		{2D4E7A7E-42F7-4442-A42A-296E786C3CB5}.Release|x64.Build.0 = Release|x64
		{2D4E7A7E-42F7-4442-A42A-296E786C3CB5}.Release|x86.ActiveCfg = Release|x86
		{2D4E7A7E-42F7-4442-A42A-296E786C3CB5}.Release|x86.Build.0 = Release|x86
		{21FC603C-6D7C-4C88-A639-1FD046D87037}.Debug|Any CPU.ActiveCfg = Debug|Any CPU
		{21FC603C-6D7C-4C88-A639-1FD046D87037}.Debug|Any CPU.Build.0 = Debug|Any CPU
		{21FC603C-6D7C-4C88-A639-1FD046D87037}.Debug|x64.ActiveCfg = Debug|x64
		{21FC603C-6D7C-4C88-A639-1FD046D87037}.Debug|x64.Build.0 = Debug|x64
		{21FC603C-6D7C-4C88-A639-1FD046D87037}.Debug|x86.ActiveCfg = Debug|x86
		{21FC603C-6D7C-4C88-A639-1FD046D87037}.Debug|x86.Build.0 = Debug|x86
		{21FC603C-6D7C-4C88-A639-1FD046D87037}.Release|Any CPU.ActiveCfg = Release|Any CPU
		{21FC603C-6D7C-4C88-A639-1FD046D87037}.Release|Any CPU.Build.0 = Release|Any CPU
		{21FC603C-6D7C-4C88-A639-1FD046D87037}.Release|x64.ActiveCfg = Release|x64
		{21FC603C-6D7C-4C88-A639-1FD046D87037}.Release|x64.Build.0 = Release|x64
		{21FC603C-6D7C-4C88-A639-1FD046D87037}.Release|x86.ActiveCfg = Release|x86
		{21FC603C-6D7C-4C88-A639-1FD046D87037}.Release|x86.Build.0 = Release|x86
		{79949F9D-41B3-44C7-9ABB-B7F613590911}.Debug|Any CPU.ActiveCfg = Debug|Any CPU
		{79949F9D-41B3-44C7-9ABB-B7F613590911}.Debug|Any CPU.Build.0 = Debug|Any CPU
		{79949F9D-41B3-44C7-9ABB-B7F613590911}.Debug|x64.ActiveCfg = Debug|x64
		{79949F9D-41B3-44C7-9ABB-B7F613590911}.Debug|x64.Build.0 = Debug|x64
		{79949F9D-41B3-44C7-9ABB-B7F613590911}.Debug|x86.ActiveCfg = Debug|x86
		{79949F9D-41B3-44C7-9ABB-B7F613590911}.Debug|x86.Build.0 = Debug|x86
		{79949F9D-41B3-44C7-9ABB-B7F613590911}.Release|Any CPU.ActiveCfg = Release|Any CPU
		{79949F9D-41B3-44C7-9ABB-B7F613590911}.Release|Any CPU.Build.0 = Release|Any CPU
		{79949F9D-41B3-44C7-9ABB-B7F613590911}.Release|x64.ActiveCfg = Release|x64
		{79949F9D-41B3-44C7-9ABB-B7F613590911}.Release|x64.Build.0 = Release|x64
		{79949F9D-41B3-44C7-9ABB-B7F613590911}.Release|x86.ActiveCfg = Release|x86
		{79949F9D-41B3-44C7-9ABB-B7F613590911}.Release|x86.Build.0 = Release|x86
		{85386276-5B8C-469F-B1F7-EC9940F023C1}.Debug|Any CPU.ActiveCfg = Debug|Any CPU
		{85386276-5B8C-469F-B1F7-EC9940F023C1}.Debug|Any CPU.Build.0 = Debug|Any CPU
		{85386276-5B8C-469F-B1F7-EC9940F023C1}.Debug|x64.ActiveCfg = Debug|x64
		{85386276-5B8C-469F-B1F7-EC9940F023C1}.Debug|x64.Build.0 = Debug|x64
		{85386276-5B8C-469F-B1F7-EC9940F023C1}.Debug|x86.ActiveCfg = Debug|x86
		{85386276-5B8C-469F-B1F7-EC9940F023C1}.Debug|x86.Build.0 = Debug|x86
		{85386276-5B8C-469F-B1F7-EC9940F023C1}.Release|Any CPU.ActiveCfg = Release|Any CPU
		{85386276-5B8C-469F-B1F7-EC9940F023C1}.Release|Any CPU.Build.0 = Release|Any CPU
		{85386276-5B8C-469F-B1F7-EC9940F023C1}.Release|x64.ActiveCfg = Release|x64
		{85386276-5B8C-469F-B1F7-EC9940F023C1}.Release|x64.Build.0 = Release|x64
		{85386276-5B8C-469F-B1F7-EC9940F023C1}.Release|x86.ActiveCfg = Release|x86
		{85386276-5B8C-469F-B1F7-EC9940F023C1}.Release|x86.Build.0 = Release|x86
		{43E89A23-15CF-4ECE-90EA-CDF0515E579A}.Debug|Any CPU.ActiveCfg = Debug|Any CPU
		{43E89A23-15CF-4ECE-90EA-CDF0515E579A}.Debug|Any CPU.Build.0 = Debug|Any CPU
		{43E89A23-15CF-4ECE-90EA-CDF0515E579A}.Debug|x64.ActiveCfg = Debug|x64
		{43E89A23-15CF-4ECE-90EA-CDF0515E579A}.Debug|x64.Build.0 = Debug|x64
		{43E89A23-15CF-4ECE-90EA-CDF0515E579A}.Debug|x86.ActiveCfg = Debug|x86
		{43E89A23-15CF-4ECE-90EA-CDF0515E579A}.Debug|x86.Build.0 = Debug|x86
		{43E89A23-15CF-4ECE-90EA-CDF0515E579A}.Release|Any CPU.ActiveCfg = Release|Any CPU
		{43E89A23-15CF-4ECE-90EA-CDF0515E579A}.Release|Any CPU.Build.0 = Release|Any CPU
		{43E89A23-15CF-4ECE-90EA-CDF0515E579A}.Release|x64.ActiveCfg = Release|x64
		{43E89A23-15CF-4ECE-90EA-CDF0515E579A}.Release|x64.Build.0 = Release|x64
		{43E89A23-15CF-4ECE-90EA-CDF0515E579A}.Release|x86.ActiveCfg = Release|x86
		{43E89A23-15CF-4ECE-90EA-CDF0515E579A}.Release|x86.Build.0 = Release|x86
		{FC72B10B-B004-416C-82B3-4B9AD9555B81}.Debug|Any CPU.ActiveCfg = Debug|Any CPU
		{FC72B10B-B004-416C-82B3-4B9AD9555B81}.Debug|Any CPU.Build.0 = Debug|Any CPU
		{FC72B10B-B004-416C-82B3-4B9AD9555B81}.Debug|x64.ActiveCfg = Debug|x64
		{FC72B10B-B004-416C-82B3-4B9AD9555B81}.Debug|x64.Build.0 = Debug|x64
		{FC72B10B-B004-416C-82B3-4B9AD9555B81}.Debug|x86.ActiveCfg = Debug|x86
		{FC72B10B-B004-416C-82B3-4B9AD9555B81}.Debug|x86.Build.0 = Debug|x86
		{FC72B10B-B004-416C-82B3-4B9AD9555B81}.Release|Any CPU.ActiveCfg = Release|Any CPU
		{FC72B10B-B004-416C-82B3-4B9AD9555B81}.Release|Any CPU.Build.0 = Release|Any CPU
		{FC72B10B-B004-416C-82B3-4B9AD9555B81}.Release|x64.ActiveCfg = Release|x64
		{FC72B10B-B004-416C-82B3-4B9AD9555B81}.Release|x64.Build.0 = Release|x64
		{FC72B10B-B004-416C-82B3-4B9AD9555B81}.Release|x86.ActiveCfg = Release|x86
		{FC72B10B-B004-416C-82B3-4B9AD9555B81}.Release|x86.Build.0 = Release|x86
		{7BEC558A-2D95-45BC-A92C-DC15FCF7E0B7}.Debug|Any CPU.ActiveCfg = Debug|Any CPU
		{7BEC558A-2D95-45BC-A92C-DC15FCF7E0B7}.Debug|Any CPU.Build.0 = Debug|Any CPU
		{7BEC558A-2D95-45BC-A92C-DC15FCF7E0B7}.Debug|x64.ActiveCfg = Debug|x64
		{7BEC558A-2D95-45BC-A92C-DC15FCF7E0B7}.Debug|x64.Build.0 = Debug|x64
		{7BEC558A-2D95-45BC-A92C-DC15FCF7E0B7}.Debug|x86.ActiveCfg = Debug|x86
		{7BEC558A-2D95-45BC-A92C-DC15FCF7E0B7}.Debug|x86.Build.0 = Debug|x86
		{7BEC558A-2D95-45BC-A92C-DC15FCF7E0B7}.Release|Any CPU.ActiveCfg = Release|Any CPU
		{7BEC558A-2D95-45BC-A92C-DC15FCF7E0B7}.Release|Any CPU.Build.0 = Release|Any CPU
		{7BEC558A-2D95-45BC-A92C-DC15FCF7E0B7}.Release|x64.ActiveCfg = Release|x64
		{7BEC558A-2D95-45BC-A92C-DC15FCF7E0B7}.Release|x64.Build.0 = Release|x64
		{7BEC558A-2D95-45BC-A92C-DC15FCF7E0B7}.Release|x86.ActiveCfg = Release|x86
		{7BEC558A-2D95-45BC-A92C-DC15FCF7E0B7}.Release|x86.Build.0 = Release|x86
		{28B8F50F-F8C0-4827-B02E-F5E4F80EA333}.Debug|Any CPU.ActiveCfg = Debug|Any CPU
		{28B8F50F-F8C0-4827-B02E-F5E4F80EA333}.Debug|Any CPU.Build.0 = Debug|Any CPU
		{28B8F50F-F8C0-4827-B02E-F5E4F80EA333}.Debug|x64.ActiveCfg = Debug|x64
		{28B8F50F-F8C0-4827-B02E-F5E4F80EA333}.Debug|x64.Build.0 = Debug|x64
		{28B8F50F-F8C0-4827-B02E-F5E4F80EA333}.Debug|x86.ActiveCfg = Debug|x86
		{28B8F50F-F8C0-4827-B02E-F5E4F80EA333}.Debug|x86.Build.0 = Debug|x86
		{28B8F50F-F8C0-4827-B02E-F5E4F80EA333}.Release|Any CPU.ActiveCfg = Release|Any CPU
		{28B8F50F-F8C0-4827-B02E-F5E4F80EA333}.Release|Any CPU.Build.0 = Release|Any CPU
		{28B8F50F-F8C0-4827-B02E-F5E4F80EA333}.Release|x64.ActiveCfg = Release|x64
		{28B8F50F-F8C0-4827-B02E-F5E4F80EA333}.Release|x64.Build.0 = Release|x64
		{28B8F50F-F8C0-4827-B02E-F5E4F80EA333}.Release|x86.ActiveCfg = Release|x86
		{28B8F50F-F8C0-4827-B02E-F5E4F80EA333}.Release|x86.Build.0 = Release|x86
	EndGlobalSection
EndGlobal
